// !$*UTF8*$!
{
	archiveVersion = 1;
	classes = {
	};
	objectVersion = 50;
	objects = {

/* Begin PBXBuildFile section */
		C803610F224FF5F90080BA9D /* selecao.cpp in Sources */ = {isa = PBXBuildFile; fileRef = C803610C224FF5F90080BA9D /* selecao.cpp */; };
		C8036110224FF5F90080BA9D /* particionamento.cpp in Sources */ = {isa = PBXBuildFile; fileRef = C803610D224FF5F90080BA9D /* particionamento.cpp */; };
		C803611D22529AE90080BA9D /* main.cpp in Sources */ = {isa = PBXBuildFile; fileRef = C803611C22529AE90080BA9D /* main.cpp */; };
		C803612B22529B100080BA9D /* particionamento.cpp in Sources */ = {isa = PBXBuildFile; fileRef = C803612322529B100080BA9D /* particionamento.cpp */; };
		C803612C22529B100080BA9D /* selecao.cpp in Sources */ = {isa = PBXBuildFile; fileRef = C803612522529B100080BA9D /* selecao.cpp */; };
		C803612D22529B100080BA9D /* quicksort.cpp in Sources */ = {isa = PBXBuildFile; fileRef = C803612822529B100080BA9D /* quicksort.cpp */; };
		C803612E22529B100080BA9D /* array_helper.cpp in Sources */ = {isa = PBXBuildFile; fileRef = C803612A22529B100080BA9D /* array_helper.cpp */; };
		C80361392252B2810080BA9D /* main.cpp in Sources */ = {isa = PBXBuildFile; fileRef = C80361382252B2810080BA9D /* main.cpp */; };
		C80361462252B2C30080BA9D /* quicksort.cpp in Sources */ = {isa = PBXBuildFile; fileRef = C803613D2252B2C30080BA9D /* quicksort.cpp */; };
		C80361472252B2C30080BA9D /* selecao.cpp in Sources */ = {isa = PBXBuildFile; fileRef = C803613E2252B2C30080BA9D /* selecao.cpp */; };
		C80361482252B2C30080BA9D /* array_helper.cpp in Sources */ = {isa = PBXBuildFile; fileRef = C803613F2252B2C30080BA9D /* array_helper.cpp */; };
		C80361492252B2C30080BA9D /* particionamento.cpp in Sources */ = {isa = PBXBuildFile; fileRef = C80361412252B2C30080BA9D /* particionamento.cpp */; };
		C8150D062236FBF400CCAB2D /* main.cpp in Sources */ = {isa = PBXBuildFile; fileRef = C8150D052236FBF400CCAB2D /* main.cpp */; };
		C8150D132236FC3900CCAB2D /* main.cpp in Sources */ = {isa = PBXBuildFile; fileRef = C8150D122236FC3900CCAB2D /* main.cpp */; };
		C8264E8E2240273D002E006E /* main.cpp in Sources */ = {isa = PBXBuildFile; fileRef = C8264E8D2240273D002E006E /* main.cpp */; };
		C8264E94224027D9002E006E /* main.cpp in Sources */ = {isa = PBXBuildFile; fileRef = C8264E93224027D9002E006E /* main.cpp */; };
		C8264EA122403163002E006E /* main.cpp in Sources */ = {isa = PBXBuildFile; fileRef = C8264EA022403163002E006E /* main.cpp */; };
		C856719D222D563E0015EDB3 /* main.cpp in Sources */ = {isa = PBXBuildFile; fileRef = C856719B222D563E0015EDB3 /* main.cpp */; };
		C85671AC222D56690015EDB3 /* main.cpp in Sources */ = {isa = PBXBuildFile; fileRef = C85671AA222D56690015EDB3 /* main.cpp */; };
		C870D34F2252F2730081F701 /* table_printer.cpp in Sources */ = {isa = PBXBuildFile; fileRef = C870D34D2252F2730081F701 /* table_printer.cpp */; };
		C870D353225302F30081F701 /* console_helper.cpp in Sources */ = {isa = PBXBuildFile; fileRef = C870D351225302F30081F701 /* console_helper.cpp */; };
		C876F082224C02D40095C552 /* array_helper.cpp in Sources */ = {isa = PBXBuildFile; fileRef = C876F07C224C02D30095C552 /* array_helper.cpp */; };
		C876F083224C02D40095C552 /* quicksort.cpp in Sources */ = {isa = PBXBuildFile; fileRef = C876F07E224C02D30095C552 /* quicksort.cpp */; };
		C88FD8792242CCA800CF6A8D /* main.cpp in Sources */ = {isa = PBXBuildFile; fileRef = C88FD8782242CCA800CF6A8D /* main.cpp */; };
		C88FD88122449DBA00CF6A8D /* selecoes.cpp in Sources */ = {isa = PBXBuildFile; fileRef = C88FD87F22449DBA00CF6A8D /* selecoes.cpp */; };
		C88FD8852244A04900CF6A8D /* particoes.cpp in Sources */ = {isa = PBXBuildFile; fileRef = C88FD8832244A04900CF6A8D /* particoes.cpp */; };
		C88FD8892244A35E00CF6A8D /* array_helper.cpp in Sources */ = {isa = PBXBuildFile; fileRef = C88FD8872244A35D00CF6A8D /* array_helper.cpp */; };
		C88FD88C224597BB00CF6A8D /* quicksorts.cpp in Sources */ = {isa = PBXBuildFile; fileRef = C88FD88B224597BB00CF6A8D /* quicksorts.cpp */; };
		C8D6DC0322415007006082F2 /* array_helper.cpp in Sources */ = {isa = PBXBuildFile; fileRef = C8D6DC0222415007006082F2 /* array_helper.cpp */; };
		C8D6DC0A2241560B006082F2 /* particoes.cpp in Sources */ = {isa = PBXBuildFile; fileRef = C8D6DC082241560B006082F2 /* particoes.cpp */; };
		C8D6DC0D224159D9006082F2 /* quicksorts.cpp in Sources */ = {isa = PBXBuildFile; fileRef = C8D6DC0B224159D9006082F2 /* quicksorts.cpp */; };
		C8DBAC30225BD55B0065EDA3 /* main.cpp in Sources */ = {isa = PBXBuildFile; fileRef = C8DBAC2F225BD55B0065EDA3 /* main.cpp */; };
/* End PBXBuildFile section */

/* Begin PBXCopyFilesBuildPhase section */
		C803611822529AE90080BA9D /* CopyFiles */ = {
			isa = PBXCopyFilesBuildPhase;
			buildActionMask = 2147483647;
			dstPath = /usr/share/man/man1/;
			dstSubfolderSpec = 0;
			files = (
			);
			runOnlyForDeploymentPostprocessing = 1;
		};
		C80361342252B2810080BA9D /* CopyFiles */ = {
			isa = PBXCopyFilesBuildPhase;
			buildActionMask = 2147483647;
			dstPath = /usr/share/man/man1/;
			dstSubfolderSpec = 0;
			files = (
			);
			runOnlyForDeploymentPostprocessing = 1;
		};
		C8150CFB2236FBB900CCAB2D /* CopyFiles */ = {
			isa = PBXCopyFilesBuildPhase;
			buildActionMask = 2147483647;
			dstPath = /usr/share/man/man1/;
			dstSubfolderSpec = 0;
			files = (
			);
			runOnlyForDeploymentPostprocessing = 1;
		};
		C8150D092236FC1900CCAB2D /* CopyFiles */ = {
			isa = PBXCopyFilesBuildPhase;
			buildActionMask = 2147483647;
			dstPath = /usr/share/man/man1/;
			dstSubfolderSpec = 0;
			files = (
			);
			runOnlyForDeploymentPostprocessing = 1;
		};
		C8257B332239A9400010DE47 /* CopyFiles */ = {
			isa = PBXCopyFilesBuildPhase;
			buildActionMask = 2147483647;
			dstPath = /usr/share/man/man1/;
			dstSubfolderSpec = 0;
			files = (
			);
			runOnlyForDeploymentPostprocessing = 1;
		};
		C8264E892240273D002E006E /* CopyFiles */ = {
			isa = PBXCopyFilesBuildPhase;
			buildActionMask = 2147483647;
			dstPath = /usr/share/man/man1/;
			dstSubfolderSpec = 0;
			files = (
			);
			runOnlyForDeploymentPostprocessing = 1;
		};
		C8264E972240310D002E006E /* CopyFiles */ = {
			isa = PBXCopyFilesBuildPhase;
			buildActionMask = 2147483647;
			dstPath = /usr/share/man/man1/;
			dstSubfolderSpec = 0;
			files = (
			);
			runOnlyForDeploymentPostprocessing = 1;
		};
		C8567185222D55DF0015EDB3 /* CopyFiles */ = {
			isa = PBXCopyFilesBuildPhase;
			buildActionMask = 2147483647;
			dstPath = /usr/share/man/man1/;
			dstSubfolderSpec = 0;
			files = (
			);
			runOnlyForDeploymentPostprocessing = 1;
		};
		C8567191222D561A0015EDB3 /* CopyFiles */ = {
			isa = PBXCopyFilesBuildPhase;
			buildActionMask = 2147483647;
			dstPath = /usr/share/man/man1/;
			dstSubfolderSpec = 0;
			files = (
			);
			runOnlyForDeploymentPostprocessing = 1;
		};
		C85671A0222D56570015EDB3 /* CopyFiles */ = {
			isa = PBXCopyFilesBuildPhase;
			buildActionMask = 2147483647;
			dstPath = /usr/share/man/man1/;
			dstSubfolderSpec = 0;
			files = (
			);
			runOnlyForDeploymentPostprocessing = 1;
		};
		C88FD8742242CCA700CF6A8D /* CopyFiles */ = {
			isa = PBXCopyFilesBuildPhase;
			buildActionMask = 2147483647;
			dstPath = /usr/share/man/man1/;
			dstSubfolderSpec = 0;
			files = (
			);
			runOnlyForDeploymentPostprocessing = 1;
		};
		C8AB20AD222D5361000FED0D /* CopyFiles */ = {
			isa = PBXCopyFilesBuildPhase;
			buildActionMask = 2147483647;
			dstPath = /usr/share/man/man1/;
			dstSubfolderSpec = 0;
			files = (
			);
			runOnlyForDeploymentPostprocessing = 1;
		};
		C8DBAC2B225BD55B0065EDA3 /* CopyFiles */ = {
			isa = PBXCopyFilesBuildPhase;
			buildActionMask = 2147483647;
			dstPath = /usr/share/man/man1/;
			dstSubfolderSpec = 0;
			files = (
			);
			runOnlyForDeploymentPostprocessing = 1;
		};
/* End PBXCopyFilesBuildPhase section */

/* Begin PBXFileReference section */
		C803610A224FF5F90080BA9D /* enum.hpp */ = {isa = PBXFileReference; fileEncoding = 4; lastKnownFileType = sourcecode.cpp.h; path = enum.hpp; sourceTree = "<group>"; };
		C803610B224FF5F90080BA9D /* particionamento.hpp */ = {isa = PBXFileReference; fileEncoding = 4; lastKnownFileType = sourcecode.cpp.h; path = particionamento.hpp; sourceTree = "<group>"; };
		C803610C224FF5F90080BA9D /* selecao.cpp */ = {isa = PBXFileReference; fileEncoding = 4; lastKnownFileType = sourcecode.cpp.cpp; path = selecao.cpp; sourceTree = "<group>"; };
		C803610D224FF5F90080BA9D /* particionamento.cpp */ = {isa = PBXFileReference; fileEncoding = 4; lastKnownFileType = sourcecode.cpp.cpp; path = particionamento.cpp; sourceTree = "<group>"; };
		C803610E224FF5F90080BA9D /* selecao.hpp */ = {isa = PBXFileReference; fileEncoding = 4; lastKnownFileType = sourcecode.cpp.h; path = selecao.hpp; sourceTree = "<group>"; };
		C803611A22529AE90080BA9D /* aula09 */ = {isa = PBXFileReference; explicitFileType = "compiled.mach-o.executable"; includeInIndex = 0; path = aula09; sourceTree = BUILT_PRODUCTS_DIR; };
		C803611C22529AE90080BA9D /* main.cpp */ = {isa = PBXFileReference; lastKnownFileType = sourcecode.cpp.cpp; path = main.cpp; sourceTree = "<group>"; };
		C803612122529B100080BA9D /* enum.hpp */ = {isa = PBXFileReference; fileEncoding = 4; lastKnownFileType = sourcecode.cpp.h; path = enum.hpp; sourceTree = "<group>"; };
		C803612222529B100080BA9D /* quicksort.hpp */ = {isa = PBXFileReference; fileEncoding = 4; lastKnownFileType = sourcecode.cpp.h; path = quicksort.hpp; sourceTree = "<group>"; };
		C803612322529B100080BA9D /* particionamento.cpp */ = {isa = PBXFileReference; fileEncoding = 4; lastKnownFileType = sourcecode.cpp.cpp; path = particionamento.cpp; sourceTree = "<group>"; };
		C803612422529B100080BA9D /* particionamento.hpp */ = {isa = PBXFileReference; fileEncoding = 4; lastKnownFileType = sourcecode.cpp.h; path = particionamento.hpp; sourceTree = "<group>"; };
		C803612522529B100080BA9D /* selecao.cpp */ = {isa = PBXFileReference; fileEncoding = 4; lastKnownFileType = sourcecode.cpp.cpp; path = selecao.cpp; sourceTree = "<group>"; };
		C803612622529B100080BA9D /* selecao.hpp */ = {isa = PBXFileReference; fileEncoding = 4; lastKnownFileType = sourcecode.cpp.h; path = selecao.hpp; sourceTree = "<group>"; };
		C803612822529B100080BA9D /* quicksort.cpp */ = {isa = PBXFileReference; fileEncoding = 4; lastKnownFileType = sourcecode.cpp.cpp; path = quicksort.cpp; sourceTree = "<group>"; };
		C803612922529B100080BA9D /* array_helper.hpp */ = {isa = PBXFileReference; fileEncoding = 4; lastKnownFileType = sourcecode.cpp.h; path = array_helper.hpp; sourceTree = "<group>"; };
		C803612A22529B100080BA9D /* array_helper.cpp */ = {isa = PBXFileReference; fileEncoding = 4; lastKnownFileType = sourcecode.cpp.cpp; path = array_helper.cpp; sourceTree = "<group>"; };
		C803613122529DA20080BA9D /* fotos_aula_09.pdf */ = {isa = PBXFileReference; lastKnownFileType = image.pdf; path = fotos_aula_09.pdf; sourceTree = "<group>"; };
		C80361362252B2810080BA9D /* quicksort */ = {isa = PBXFileReference; explicitFileType = "compiled.mach-o.executable"; includeInIndex = 0; path = quicksort; sourceTree = BUILT_PRODUCTS_DIR; };
		C80361382252B2810080BA9D /* main.cpp */ = {isa = PBXFileReference; lastKnownFileType = sourcecode.cpp.cpp; path = main.cpp; sourceTree = "<group>"; };
		C803613D2252B2C30080BA9D /* quicksort.cpp */ = {isa = PBXFileReference; fileEncoding = 4; lastKnownFileType = sourcecode.cpp.cpp; path = quicksort.cpp; sourceTree = "<group>"; };
		C803613E2252B2C30080BA9D /* selecao.cpp */ = {isa = PBXFileReference; fileEncoding = 4; lastKnownFileType = sourcecode.cpp.cpp; path = selecao.cpp; sourceTree = "<group>"; };
		C803613F2252B2C30080BA9D /* array_helper.cpp */ = {isa = PBXFileReference; fileEncoding = 4; lastKnownFileType = sourcecode.cpp.cpp; path = array_helper.cpp; sourceTree = "<group>"; };
		C80361402252B2C30080BA9D /* enum.hpp */ = {isa = PBXFileReference; fileEncoding = 4; lastKnownFileType = sourcecode.cpp.h; path = enum.hpp; sourceTree = "<group>"; };
		C80361412252B2C30080BA9D /* particionamento.cpp */ = {isa = PBXFileReference; fileEncoding = 4; lastKnownFileType = sourcecode.cpp.cpp; path = particionamento.cpp; sourceTree = "<group>"; };
		C80361422252B2C30080BA9D /* particionamento.hpp */ = {isa = PBXFileReference; fileEncoding = 4; lastKnownFileType = sourcecode.cpp.h; path = particionamento.hpp; sourceTree = "<group>"; };
		C80361432252B2C30080BA9D /* quicksort.hpp */ = {isa = PBXFileReference; fileEncoding = 4; lastKnownFileType = sourcecode.cpp.h; path = quicksort.hpp; sourceTree = "<group>"; };
		C80361442252B2C30080BA9D /* array_helper.hpp */ = {isa = PBXFileReference; fileEncoding = 4; lastKnownFileType = sourcecode.cpp.h; path = array_helper.hpp; sourceTree = "<group>"; };
		C80361452252B2C30080BA9D /* selecao.hpp */ = {isa = PBXFileReference; fileEncoding = 4; lastKnownFileType = sourcecode.cpp.h; path = selecao.hpp; sourceTree = "<group>"; };
		C803614B2252B2EE0080BA9D /* trabalho_1.pdf */ = {isa = PBXFileReference; lastKnownFileType = image.pdf; path = trabalho_1.pdf; sourceTree = "<group>"; };
		C8150CFD2236FBB900CCAB2D /* aula04 */ = {isa = PBXFileReference; explicitFileType = "compiled.mach-o.executable"; includeInIndex = 0; path = aula04; sourceTree = BUILT_PRODUCTS_DIR; };
		C8150D042236FBF400CCAB2D /* fotos_aula_04.pdf */ = {isa = PBXFileReference; lastKnownFileType = image.pdf; path = fotos_aula_04.pdf; sourceTree = "<group>"; };
		C8150D052236FBF400CCAB2D /* main.cpp */ = {isa = PBXFileReference; fileEncoding = 4; lastKnownFileType = sourcecode.cpp.cpp; path = main.cpp; sourceTree = "<group>"; };
		C8150D0B2236FC1900CCAB2D /* aula05 */ = {isa = PBXFileReference; explicitFileType = "compiled.mach-o.executable"; includeInIndex = 0; path = aula05; sourceTree = BUILT_PRODUCTS_DIR; };
		C8150D122236FC3900CCAB2D /* main.cpp */ = {isa = PBXFileReference; fileEncoding = 4; lastKnownFileType = sourcecode.cpp.cpp; path = main.cpp; sourceTree = "<group>"; };
		C8257B2F22398EC30010DE47 /* fotos_aula_05.pdf */ = {isa = PBXFileReference; lastKnownFileType = image.pdf; path = fotos_aula_05.pdf; sourceTree = "<group>"; };
		C8257B352239A9400010DE47 /* aula06 */ = {isa = PBXFileReference; explicitFileType = "compiled.mach-o.executable"; includeInIndex = 0; path = aula06; sourceTree = BUILT_PRODUCTS_DIR; };
		C8264E8B2240273D002E006E /* aula07 */ = {isa = PBXFileReference; explicitFileType = "compiled.mach-o.executable"; includeInIndex = 0; path = aula07; sourceTree = BUILT_PRODUCTS_DIR; };
		C8264E8D2240273D002E006E /* main.cpp */ = {isa = PBXFileReference; lastKnownFileType = sourcecode.cpp.cpp; path = main.cpp; sourceTree = "<group>"; };
		C8264E92224027B8002E006E /* fotos_aula_06.pdf */ = {isa = PBXFileReference; lastKnownFileType = image.pdf; path = fotos_aula_06.pdf; sourceTree = "<group>"; };
		C8264E93224027D9002E006E /* main.cpp */ = {isa = PBXFileReference; fileEncoding = 4; lastKnownFileType = sourcecode.cpp.cpp; path = main.cpp; sourceTree = "<group>"; tabWidth = 4; usesTabs = 1; };
		C8264E992240310D002E006E /* playground */ = {isa = PBXFileReference; explicitFileType = "compiled.mach-o.executable"; includeInIndex = 0; path = playground; sourceTree = BUILT_PRODUCTS_DIR; };
		C8264EA022403163002E006E /* main.cpp */ = {isa = PBXFileReference; fileEncoding = 4; lastKnownFileType = sourcecode.cpp.cpp; path = main.cpp; sourceTree = "<group>"; };
		C8567187222D55DF0015EDB3 /* aula01 */ = {isa = PBXFileReference; explicitFileType = "compiled.mach-o.executable"; includeInIndex = 0; path = aula01; sourceTree = BUILT_PRODUCTS_DIR; };
		C856718E222D56090015EDB3 /* fotos_aula_01.pdf */ = {isa = PBXFileReference; lastKnownFileType = image.pdf; path = fotos_aula_01.pdf; sourceTree = "<group>"; };
		C8567193222D561A0015EDB3 /* aula02 */ = {isa = PBXFileReference; explicitFileType = "compiled.mach-o.executable"; includeInIndex = 0; path = aula02; sourceTree = BUILT_PRODUCTS_DIR; };
		C856719A222D563E0015EDB3 /* exercicios_aula_02.pdf */ = {isa = PBXFileReference; lastKnownFileType = image.pdf; path = exercicios_aula_02.pdf; sourceTree = "<group>"; };
		C856719B222D563E0015EDB3 /* main.cpp */ = {isa = PBXFileReference; fileEncoding = 4; lastKnownFileType = sourcecode.cpp.cpp; path = main.cpp; sourceTree = "<group>"; };
		C856719C222D563E0015EDB3 /* fotos_aula_02.pdf */ = {isa = PBXFileReference; lastKnownFileType = image.pdf; path = fotos_aula_02.pdf; sourceTree = "<group>"; };
		C85671A2222D56570015EDB3 /* aula03 */ = {isa = PBXFileReference; explicitFileType = "compiled.mach-o.executable"; includeInIndex = 0; path = aula03; sourceTree = BUILT_PRODUCTS_DIR; };
		C85671A9222D56690015EDB3 /* exercicios_aula_03.pdf */ = {isa = PBXFileReference; lastKnownFileType = image.pdf; path = exercicios_aula_03.pdf; sourceTree = "<group>"; };
		C85671AA222D56690015EDB3 /* main.cpp */ = {isa = PBXFileReference; fileEncoding = 4; lastKnownFileType = sourcecode.cpp.cpp; path = main.cpp; sourceTree = "<group>"; };
		C85671AB222D56690015EDB3 /* fotos_aula_03.pdf */ = {isa = PBXFileReference; lastKnownFileType = image.pdf; path = fotos_aula_03.pdf; sourceTree = "<group>"; };
		C870D34D2252F2730081F701 /* table_printer.cpp */ = {isa = PBXFileReference; fileEncoding = 4; lastKnownFileType = sourcecode.cpp.cpp; path = table_printer.cpp; sourceTree = "<group>"; };
		C870D34E2252F2730081F701 /* table_printer.h */ = {isa = PBXFileReference; fileEncoding = 4; lastKnownFileType = sourcecode.c.h; path = table_printer.h; sourceTree = "<group>"; };
		C870D3502252F2BA0081F701 /* table_printer.tpp.h */ = {isa = PBXFileReference; fileEncoding = 4; lastKnownFileType = sourcecode.c.h; path = table_printer.tpp.h; sourceTree = "<group>"; };
		C870D351225302F30081F701 /* console_helper.cpp */ = {isa = PBXFileReference; lastKnownFileType = sourcecode.cpp.cpp; path = console_helper.cpp; sourceTree = "<group>"; };
		C870D352225302F30081F701 /* console_helper.hpp */ = {isa = PBXFileReference; lastKnownFileType = sourcecode.cpp.h; path = console_helper.hpp; sourceTree = "<group>"; };
		C876F07B224C02D30095C552 /* array_helper.hpp */ = {isa = PBXFileReference; fileEncoding = 4; lastKnownFileType = sourcecode.cpp.h; path = array_helper.hpp; sourceTree = "<group>"; };
		C876F07C224C02D30095C552 /* array_helper.cpp */ = {isa = PBXFileReference; fileEncoding = 4; lastKnownFileType = sourcecode.cpp.cpp; path = array_helper.cpp; sourceTree = "<group>"; };
		C876F07D224C02D30095C552 /* quicksort.hpp */ = {isa = PBXFileReference; fileEncoding = 4; lastKnownFileType = sourcecode.cpp.h; path = quicksort.hpp; sourceTree = "<group>"; };
		C876F07E224C02D30095C552 /* quicksort.cpp */ = {isa = PBXFileReference; fileEncoding = 4; lastKnownFileType = sourcecode.cpp.cpp; path = quicksort.cpp; sourceTree = "<group>"; };
		C876F08E224C03C90095C552 /* complemento_aula_08_algoritmo_BFPRT.pdf */ = {isa = PBXFileReference; lastKnownFileType = image.pdf; path = complemento_aula_08_algoritmo_BFPRT.pdf; sourceTree = "<group>"; };
		C876F08F224C03C90095C552 /* fotos_aula_08.pdf */ = {isa = PBXFileReference; lastKnownFileType = image.pdf; path = fotos_aula_08.pdf; sourceTree = "<group>"; };
		C88FD8762242CCA700CF6A8D /* aula08 */ = {isa = PBXFileReference; explicitFileType = "compiled.mach-o.executable"; includeInIndex = 0; path = aula08; sourceTree = BUILT_PRODUCTS_DIR; };
		C88FD8782242CCA800CF6A8D /* main.cpp */ = {isa = PBXFileReference; lastKnownFileType = sourcecode.cpp.cpp; path = main.cpp; sourceTree = "<group>"; };
		C88FD87F22449DBA00CF6A8D /* selecoes.cpp */ = {isa = PBXFileReference; lastKnownFileType = sourcecode.cpp.cpp; path = selecoes.cpp; sourceTree = "<group>"; };
		C88FD88022449DBA00CF6A8D /* selecoes.hpp */ = {isa = PBXFileReference; lastKnownFileType = sourcecode.cpp.h; path = selecoes.hpp; sourceTree = "<group>"; };
		C88FD8832244A04900CF6A8D /* particoes.cpp */ = {isa = PBXFileReference; fileEncoding = 4; lastKnownFileType = sourcecode.cpp.cpp; path = particoes.cpp; sourceTree = "<group>"; };
		C88FD8842244A04900CF6A8D /* particoes.hpp */ = {isa = PBXFileReference; fileEncoding = 4; lastKnownFileType = sourcecode.cpp.h; path = particoes.hpp; sourceTree = "<group>"; };
		C88FD8862244A0B100CF6A8D /* fotos_aula_07.pdf */ = {isa = PBXFileReference; lastKnownFileType = image.pdf; path = fotos_aula_07.pdf; sourceTree = "<group>"; };
		C88FD8872244A35D00CF6A8D /* array_helper.cpp */ = {isa = PBXFileReference; fileEncoding = 4; lastKnownFileType = sourcecode.cpp.cpp; path = array_helper.cpp; sourceTree = "<group>"; };
		C88FD8882244A35E00CF6A8D /* array_helper.hpp */ = {isa = PBXFileReference; fileEncoding = 4; lastKnownFileType = sourcecode.cpp.h; path = array_helper.hpp; sourceTree = "<group>"; };
		C88FD88A224597BB00CF6A8D /* quicksorts.hpp */ = {isa = PBXFileReference; fileEncoding = 4; lastKnownFileType = sourcecode.cpp.h; path = quicksorts.hpp; sourceTree = "<group>"; };
		C88FD88B224597BB00CF6A8D /* quicksorts.cpp */ = {isa = PBXFileReference; fileEncoding = 4; lastKnownFileType = sourcecode.cpp.cpp; path = quicksorts.cpp; sourceTree = "<group>"; };
		C8AB20AF222D5361000FED0D /* lab-programacao */ = {isa = PBXFileReference; explicitFileType = "compiled.mach-o.executable"; includeInIndex = 0; path = "lab-programacao"; sourceTree = BUILT_PRODUCTS_DIR; };
		C8C4ED0C2254C01D00541CC9 /* instancias_ruins_Quicksort.hpp */ = {isa = PBXFileReference; fileEncoding = 4; lastKnownFileType = sourcecode.cpp.h; path = instancias_ruins_Quicksort.hpp; sourceTree = "<group>"; };
		C8D6DC0222415007006082F2 /* array_helper.cpp */ = {isa = PBXFileReference; lastKnownFileType = sourcecode.cpp.cpp; path = array_helper.cpp; sourceTree = "<group>"; };
		C8D6DC0422415185006082F2 /* array_helper.hpp */ = {isa = PBXFileReference; lastKnownFileType = sourcecode.cpp.h; path = array_helper.hpp; sourceTree = "<group>"; };
		C8D6DC082241560B006082F2 /* particoes.cpp */ = {isa = PBXFileReference; lastKnownFileType = sourcecode.cpp.cpp; path = particoes.cpp; sourceTree = "<group>"; };
		C8D6DC092241560B006082F2 /* particoes.hpp */ = {isa = PBXFileReference; lastKnownFileType = sourcecode.cpp.h; path = particoes.hpp; sourceTree = "<group>"; };
		C8D6DC0B224159D9006082F2 /* quicksorts.cpp */ = {isa = PBXFileReference; lastKnownFileType = sourcecode.cpp.cpp; path = quicksorts.cpp; sourceTree = "<group>"; };
		C8D6DC0C224159D9006082F2 /* quicksorts.hpp */ = {isa = PBXFileReference; lastKnownFileType = sourcecode.cpp.h; path = quicksorts.hpp; sourceTree = "<group>"; };
		C8DBAC2D225BD55B0065EDA3 /* aula11 */ = {isa = PBXFileReference; explicitFileType = "compiled.mach-o.executable"; includeInIndex = 0; path = aula11; sourceTree = BUILT_PRODUCTS_DIR; };
		C8DBAC2F225BD55B0065EDA3 /* main.cpp */ = {isa = PBXFileReference; lastKnownFileType = sourcecode.cpp.cpp; path = main.cpp; sourceTree = "<group>"; };
/* End PBXFileReference section */

/* Begin PBXFrameworksBuildPhase section */
		C803611722529AE90080BA9D /* Frameworks */ = {
			isa = PBXFrameworksBuildPhase;
			buildActionMask = 2147483647;
			files = (
			);
			runOnlyForDeploymentPostprocessing = 0;
		};
		C80361332252B2810080BA9D /* Frameworks */ = {
			isa = PBXFrameworksBuildPhase;
			buildActionMask = 2147483647;
			files = (
			);
			runOnlyForDeploymentPostprocessing = 0;
		};
		C8150CFA2236FBB900CCAB2D /* Frameworks */ = {
			isa = PBXFrameworksBuildPhase;
			buildActionMask = 2147483647;
			files = (
			);
			runOnlyForDeploymentPostprocessing = 0;
		};
		C8150D082236FC1900CCAB2D /* Frameworks */ = {
			isa = PBXFrameworksBuildPhase;
			buildActionMask = 2147483647;
			files = (
			);
			runOnlyForDeploymentPostprocessing = 0;
		};
		C8257B322239A9400010DE47 /* Frameworks */ = {
			isa = PBXFrameworksBuildPhase;
			buildActionMask = 2147483647;
			files = (
			);
			runOnlyForDeploymentPostprocessing = 0;
		};
		C8264E882240273D002E006E /* Frameworks */ = {
			isa = PBXFrameworksBuildPhase;
			buildActionMask = 2147483647;
			files = (
			);
			runOnlyForDeploymentPostprocessing = 0;
		};
		C8264E962240310D002E006E /* Frameworks */ = {
			isa = PBXFrameworksBuildPhase;
			buildActionMask = 2147483647;
			files = (
			);
			runOnlyForDeploymentPostprocessing = 0;
		};
		C8567184222D55DF0015EDB3 /* Frameworks */ = {
			isa = PBXFrameworksBuildPhase;
			buildActionMask = 2147483647;
			files = (
			);
			runOnlyForDeploymentPostprocessing = 0;
		};
		C8567190222D561A0015EDB3 /* Frameworks */ = {
			isa = PBXFrameworksBuildPhase;
			buildActionMask = 2147483647;
			files = (
			);
			runOnlyForDeploymentPostprocessing = 0;
		};
		C856719F222D56570015EDB3 /* Frameworks */ = {
			isa = PBXFrameworksBuildPhase;
			buildActionMask = 2147483647;
			files = (
			);
			runOnlyForDeploymentPostprocessing = 0;
		};
		C88FD8732242CCA700CF6A8D /* Frameworks */ = {
			isa = PBXFrameworksBuildPhase;
			buildActionMask = 2147483647;
			files = (
			);
			runOnlyForDeploymentPostprocessing = 0;
		};
		C8AB20AC222D5361000FED0D /* Frameworks */ = {
			isa = PBXFrameworksBuildPhase;
			buildActionMask = 2147483647;
			files = (
			);
			runOnlyForDeploymentPostprocessing = 0;
		};
		C8DBAC2A225BD55B0065EDA3 /* Frameworks */ = {
			isa = PBXFrameworksBuildPhase;
			buildActionMask = 2147483647;
			files = (
			);
			runOnlyForDeploymentPostprocessing = 0;
		};
/* End PBXFrameworksBuildPhase section */

/* Begin PBXGroup section */
		C803611B22529AE90080BA9D /* aula09 */ = {
			isa = PBXGroup;
			children = (
				C803611C22529AE90080BA9D /* main.cpp */,
				C803612522529B100080BA9D /* selecao.cpp */,
				C803612822529B100080BA9D /* quicksort.cpp */,
				C803612A22529B100080BA9D /* array_helper.cpp */,
				C803612322529B100080BA9D /* particionamento.cpp */,
				C803613022529B310080BA9D /* headers */,
				C803612F22529B190080BA9D /* pictures */,
			);
			path = aula09;
			sourceTree = "<group>";
		};
		C803612F22529B190080BA9D /* pictures */ = {
			isa = PBXGroup;
			children = (
				C803613122529DA20080BA9D /* fotos_aula_09.pdf */,
			);
			path = pictures;
			sourceTree = "<group>";
		};
		C803613022529B310080BA9D /* headers */ = {
			isa = PBXGroup;
			children = (
				C803612122529B100080BA9D /* enum.hpp */,
				C803612622529B100080BA9D /* selecao.hpp */,
				C803612222529B100080BA9D /* quicksort.hpp */,
				C803612922529B100080BA9D /* array_helper.hpp */,
				C803612422529B100080BA9D /* particionamento.hpp */,
			);
			name = headers;
			sourceTree = "<group>";
		};
		C80361372252B2810080BA9D /* quicksort */ = {
			isa = PBXGroup;
			children = (
				C80361382252B2810080BA9D /* main.cpp */,
				C803613D2252B2C30080BA9D /* quicksort.cpp */,
				C803613E2252B2C30080BA9D /* selecao.cpp */,
				C80361412252B2C30080BA9D /* particionamento.cpp */,
				C870D3542253169B0081F701 /* helpers */,
				C803614C2252B2F30080BA9D /* headers */,
				C870D34C2252F26A0081F701 /* libs */,
				C803614A2252B2C70080BA9D /* pictures */,
			);
			path = quicksort;
			sourceTree = "<group>";
		};
		C803614A2252B2C70080BA9D /* pictures */ = {
			isa = PBXGroup;
			children = (
				C803614B2252B2EE0080BA9D /* trabalho_1.pdf */,
			);
			path = pictures;
			sourceTree = "<group>";
		};
		C803614C2252B2F30080BA9D /* headers */ = {
			isa = PBXGroup;
			children = (
				C80361402252B2C30080BA9D /* enum.hpp */,
				C80361452252B2C30080BA9D /* selecao.hpp */,
				C80361432252B2C30080BA9D /* quicksort.hpp */,
				C80361442252B2C30080BA9D /* array_helper.hpp */,
				C870D352225302F30081F701 /* console_helper.hpp */,
				C80361422252B2C30080BA9D /* particionamento.hpp */,
			);
			name = headers;
			sourceTree = "<group>";
		};
		C8150CFE2236FBB900CCAB2D /* aula04 */ = {
			isa = PBXGroup;
			children = (
				C8150D052236FBF400CCAB2D /* main.cpp */,
				C8150D042236FBF400CCAB2D /* fotos_aula_04.pdf */,
			);
			path = aula04;
			sourceTree = "<group>";
		};
		C8150D0C2236FC1900CCAB2D /* aula05 */ = {
			isa = PBXGroup;
			children = (
				C8150D122236FC3900CCAB2D /* main.cpp */,
				C8257B2F22398EC30010DE47 /* fotos_aula_05.pdf */,
			);
			path = aula05;
			sourceTree = "<group>";
		};
		C8257B362239A9400010DE47 /* aula06 */ = {
			isa = PBXGroup;
			children = (
				C8264E93224027D9002E006E /* main.cpp */,
				C8D6DC0222415007006082F2 /* array_helper.cpp */,
				C8D6DC082241560B006082F2 /* particoes.cpp */,
				C8D6DC0B224159D9006082F2 /* quicksorts.cpp */,
				C8D6DC0722415573006082F2 /* headers */,
				C8D6DC0622415495006082F2 /* pictures */,
			);
			path = aula06;
			sourceTree = "<group>";
		};
		C8264E8C2240273D002E006E /* aula07 */ = {
			isa = PBXGroup;
			children = (
				C8264E8D2240273D002E006E /* main.cpp */,
				C88FD87F22449DBA00CF6A8D /* selecoes.cpp */,
				C88FD8832244A04900CF6A8D /* particoes.cpp */,
				C88FD88B224597BB00CF6A8D /* quicksorts.cpp */,
				C88FD8872244A35D00CF6A8D /* array_helper.cpp */,
				C88FD88222449DCE00CF6A8D /* headers */,
				C88FD87D22449D6800CF6A8D /* pictures */,
			);
			path = aula07;
			sourceTree = "<group>";
		};
		C8567188222D55DF0015EDB3 /* aula01 */ = {
			isa = PBXGroup;
			children = (
				C8264EA022403163002E006E /* main.cpp */,
				C856718E222D56090015EDB3 /* fotos_aula_01.pdf */,
			);
			path = aula01;
			sourceTree = "<group>";
		};
		C8567194222D561A0015EDB3 /* aula02 */ = {
			isa = PBXGroup;
			children = (
				C856719B222D563E0015EDB3 /* main.cpp */,
				C856719A222D563E0015EDB3 /* exercicios_aula_02.pdf */,
				C856719C222D563E0015EDB3 /* fotos_aula_02.pdf */,
			);
			path = aula02;
			sourceTree = "<group>";
		};
		C85671A3222D56570015EDB3 /* aula03 */ = {
			isa = PBXGroup;
			children = (
				C85671AA222D56690015EDB3 /* main.cpp */,
				C85671A9222D56690015EDB3 /* exercicios_aula_03.pdf */,
				C85671AB222D56690015EDB3 /* fotos_aula_03.pdf */,
			);
			path = aula03;
			sourceTree = "<group>";
		};
		C870D34C2252F26A0081F701 /* libs */ = {
			isa = PBXGroup;
			children = (
				C870D3502252F2BA0081F701 /* table_printer.tpp.h */,
				C870D34D2252F2730081F701 /* table_printer.cpp */,
				C870D34E2252F2730081F701 /* table_printer.h */,
			);
			name = libs;
			sourceTree = "<group>";
		};
		C870D3542253169B0081F701 /* helpers */ = {
			isa = PBXGroup;
			children = (
				C803613F2252B2C30080BA9D /* array_helper.cpp */,
				C870D351225302F30081F701 /* console_helper.cpp */,
				C8C4ED0C2254C01D00541CC9 /* instancias_ruins_Quicksort.hpp */,
			);
			name = helpers;
			sourceTree = "<group>";
		};
		C876F08D224C03AF0095C552 /* pictures */ = {
			isa = PBXGroup;
			children = (
				C876F08E224C03C90095C552 /* complemento_aula_08_algoritmo_BFPRT.pdf */,
				C876F08F224C03C90095C552 /* fotos_aula_08.pdf */,
			);
			path = pictures;
			sourceTree = "<group>";
		};
		C876F090224C03CF0095C552 /* headers */ = {
			isa = PBXGroup;
			children = (
				C803610A224FF5F90080BA9D /* enum.hpp */,
				C803610E224FF5F90080BA9D /* selecao.hpp */,
				C876F07D224C02D30095C552 /* quicksort.hpp */,
				C876F07B224C02D30095C552 /* array_helper.hpp */,
				C803610B224FF5F90080BA9D /* particionamento.hpp */,
			);
			name = headers;
			sourceTree = "<group>";
		};
		C88FD8772242CCA700CF6A8D /* aula08 */ = {
			isa = PBXGroup;
			children = (
				C88FD8782242CCA800CF6A8D /* main.cpp */,
				C803610C224FF5F90080BA9D /* selecao.cpp */,
				C876F07E224C02D30095C552 /* quicksort.cpp */,
				C876F07C224C02D30095C552 /* array_helper.cpp */,
				C803610D224FF5F90080BA9D /* particionamento.cpp */,
				C876F090224C03CF0095C552 /* headers */,
				C876F08D224C03AF0095C552 /* pictures */,
			);
			path = aula08;
			sourceTree = "<group>";
		};
		C88FD87D22449D6800CF6A8D /* pictures */ = {
			isa = PBXGroup;
			children = (
				C88FD8862244A0B100CF6A8D /* fotos_aula_07.pdf */,
			);
			path = pictures;
			sourceTree = "<group>";
		};
		C88FD88222449DCE00CF6A8D /* headers */ = {
			isa = PBXGroup;
			children = (
				C88FD88022449DBA00CF6A8D /* selecoes.hpp */,
				C88FD8842244A04900CF6A8D /* particoes.hpp */,
				C88FD88A224597BB00CF6A8D /* quicksorts.hpp */,
				C88FD8882244A35E00CF6A8D /* array_helper.hpp */,
			);
			name = headers;
			sourceTree = "<group>";
		};
		C8AB20A6222D5360000FED0D = {
			isa = PBXGroup;
			children = (
				C8567188222D55DF0015EDB3 /* aula01 */,
				C8567194222D561A0015EDB3 /* aula02 */,
				C85671A3222D56570015EDB3 /* aula03 */,
				C8150CFE2236FBB900CCAB2D /* aula04 */,
				C8150D0C2236FC1900CCAB2D /* aula05 */,
				C8257B362239A9400010DE47 /* aula06 */,
				C8264E8C2240273D002E006E /* aula07 */,
				C88FD8772242CCA700CF6A8D /* aula08 */,
				C803611B22529AE90080BA9D /* aula09 */,
				C80361372252B2810080BA9D /* quicksort */,
				C8DBAC2E225BD55B0065EDA3 /* aula11 */,
				C8AB20B0222D5361000FED0D /* Products */,
			);
			sourceTree = "<group>";
		};
		C8AB20B0222D5361000FED0D /* Products */ = {
			isa = PBXGroup;
			children = (
				C8AB20AF222D5361000FED0D /* lab-programacao */,
				C8567187222D55DF0015EDB3 /* aula01 */,
				C8567193222D561A0015EDB3 /* aula02 */,
				C85671A2222D56570015EDB3 /* aula03 */,
				C8150CFD2236FBB900CCAB2D /* aula04 */,
				C8150D0B2236FC1900CCAB2D /* aula05 */,
				C8257B352239A9400010DE47 /* aula06 */,
				C8264E8B2240273D002E006E /* aula07 */,
				C8264E992240310D002E006E /* playground */,
				C88FD8762242CCA700CF6A8D /* aula08 */,
				C803611A22529AE90080BA9D /* aula09 */,
				C80361362252B2810080BA9D /* quicksort */,
				C8DBAC2D225BD55B0065EDA3 /* aula11 */,
			);
			name = Products;
			sourceTree = "<group>";
		};
		C8D6DC0622415495006082F2 /* pictures */ = {
			isa = PBXGroup;
			children = (
				C8264E92224027B8002E006E /* fotos_aula_06.pdf */,
			);
			path = pictures;
			sourceTree = "<group>";
		};
		C8D6DC0722415573006082F2 /* headers */ = {
			isa = PBXGroup;
			children = (
				C8D6DC0422415185006082F2 /* array_helper.hpp */,
				C8D6DC092241560B006082F2 /* particoes.hpp */,
				C8D6DC0C224159D9006082F2 /* quicksorts.hpp */,
			);
			name = headers;
			sourceTree = "<group>";
		};
		C8DBAC2E225BD55B0065EDA3 /* aula11 */ = {
			isa = PBXGroup;
			children = (
				C8DBAC2F225BD55B0065EDA3 /* main.cpp */,
			);
			path = aula11;
			sourceTree = "<group>";
		};
/* End PBXGroup section */

/* Begin PBXNativeTarget section */
		C803611922529AE90080BA9D /* aula09 */ = {
			isa = PBXNativeTarget;
			buildConfigurationList = C803611E22529AE90080BA9D /* Build configuration list for PBXNativeTarget "aula09" */;
			buildPhases = (
				C803611622529AE90080BA9D /* Sources */,
				C803611722529AE90080BA9D /* Frameworks */,
				C803611822529AE90080BA9D /* CopyFiles */,
			);
			buildRules = (
			);
			dependencies = (
			);
			name = aula09;
			productName = aula09;
			productReference = C803611A22529AE90080BA9D /* aula09 */;
			productType = "com.apple.product-type.tool";
		};
		C80361352252B2810080BA9D /* quicksort */ = {
			isa = PBXNativeTarget;
			buildConfigurationList = C803613A2252B2810080BA9D /* Build configuration list for PBXNativeTarget "quicksort" */;
			buildPhases = (
				C80361322252B2810080BA9D /* Sources */,
				C80361332252B2810080BA9D /* Frameworks */,
				C80361342252B2810080BA9D /* CopyFiles */,
			);
			buildRules = (
			);
			dependencies = (
			);
			name = quicksort;
			productName = quicksort;
			productReference = C80361362252B2810080BA9D /* quicksort */;
			productType = "com.apple.product-type.tool";
		};
		C8150CFC2236FBB900CCAB2D /* aula04 */ = {
			isa = PBXNativeTarget;
			buildConfigurationList = C8150D012236FBB900CCAB2D /* Build configuration list for PBXNativeTarget "aula04" */;
			buildPhases = (
				C8150CF92236FBB900CCAB2D /* Sources */,
				C8150CFA2236FBB900CCAB2D /* Frameworks */,
				C8150CFB2236FBB900CCAB2D /* CopyFiles */,
			);
			buildRules = (
			);
			dependencies = (
			);
			name = aula04;
			productName = aula04;
			productReference = C8150CFD2236FBB900CCAB2D /* aula04 */;
			productType = "com.apple.product-type.tool";
		};
		C8150D0A2236FC1900CCAB2D /* aula05 */ = {
			isa = PBXNativeTarget;
			buildConfigurationList = C8150D0F2236FC1900CCAB2D /* Build configuration list for PBXNativeTarget "aula05" */;
			buildPhases = (
				C8150D072236FC1900CCAB2D /* Sources */,
				C8150D082236FC1900CCAB2D /* Frameworks */,
				C8150D092236FC1900CCAB2D /* CopyFiles */,
			);
			buildRules = (
			);
			dependencies = (
			);
			name = aula05;
			productName = aula05;
			productReference = C8150D0B2236FC1900CCAB2D /* aula05 */;
			productType = "com.apple.product-type.tool";
		};
		C8257B342239A9400010DE47 /* aula06 */ = {
			isa = PBXNativeTarget;
			buildConfigurationList = C8257B392239A9400010DE47 /* Build configuration list for PBXNativeTarget "aula06" */;
			buildPhases = (
				C8257B312239A9400010DE47 /* Sources */,
				C8257B322239A9400010DE47 /* Frameworks */,
				C8257B332239A9400010DE47 /* CopyFiles */,
			);
			buildRules = (
			);
			dependencies = (
			);
			name = aula06;
			productName = aula06;
			productReference = C8257B352239A9400010DE47 /* aula06 */;
			productType = "com.apple.product-type.tool";
		};
		C8264E8A2240273D002E006E /* aula07 */ = {
			isa = PBXNativeTarget;
			buildConfigurationList = C8264E912240273D002E006E /* Build configuration list for PBXNativeTarget "aula07" */;
			buildPhases = (
				C8264E872240273D002E006E /* Sources */,
				C8264E882240273D002E006E /* Frameworks */,
				C8264E892240273D002E006E /* CopyFiles */,
			);
			buildRules = (
			);
			dependencies = (
			);
			name = aula07;
			productName = aula07;
			productReference = C8264E8B2240273D002E006E /* aula07 */;
			productType = "com.apple.product-type.tool";
		};
		C8264E982240310D002E006E /* playground */ = {
			isa = PBXNativeTarget;
			buildConfigurationList = C8264E9D2240310D002E006E /* Build configuration list for PBXNativeTarget "playground" */;
			buildPhases = (
				C8264E952240310D002E006E /* Sources */,
				C8264E962240310D002E006E /* Frameworks */,
				C8264E972240310D002E006E /* CopyFiles */,
			);
			buildRules = (
			);
			dependencies = (
			);
			name = playground;
			productName = playground;
			productReference = C8264E992240310D002E006E /* playground */;
			productType = "com.apple.product-type.tool";
		};
		C8567186222D55DF0015EDB3 /* aula01 */ = {
			isa = PBXNativeTarget;
			buildConfigurationList = C856718B222D55DF0015EDB3 /* Build configuration list for PBXNativeTarget "aula01" */;
			buildPhases = (
				C8567183222D55DF0015EDB3 /* Sources */,
				C8567184222D55DF0015EDB3 /* Frameworks */,
				C8567185222D55DF0015EDB3 /* CopyFiles */,
			);
			buildRules = (
			);
			dependencies = (
			);
			name = aula01;
			productName = aula01;
			productReference = C8567187222D55DF0015EDB3 /* aula01 */;
			productType = "com.apple.product-type.tool";
		};
		C8567192222D561A0015EDB3 /* aula02 */ = {
			isa = PBXNativeTarget;
			buildConfigurationList = C8567197222D561A0015EDB3 /* Build configuration list for PBXNativeTarget "aula02" */;
			buildPhases = (
				C856718F222D561A0015EDB3 /* Sources */,
				C8567190222D561A0015EDB3 /* Frameworks */,
				C8567191222D561A0015EDB3 /* CopyFiles */,
			);
			buildRules = (
			);
			dependencies = (
			);
			name = aula02;
			productName = aula02;
			productReference = C8567193222D561A0015EDB3 /* aula02 */;
			productType = "com.apple.product-type.tool";
		};
		C85671A1222D56570015EDB3 /* aula03 */ = {
			isa = PBXNativeTarget;
			buildConfigurationList = C85671A6222D56570015EDB3 /* Build configuration list for PBXNativeTarget "aula03" */;
			buildPhases = (
				C856719E222D56570015EDB3 /* Sources */,
				C856719F222D56570015EDB3 /* Frameworks */,
				C85671A0222D56570015EDB3 /* CopyFiles */,
			);
			buildRules = (
			);
			dependencies = (
			);
			name = aula03;
			productName = aula03;
			productReference = C85671A2222D56570015EDB3 /* aula03 */;
			productType = "com.apple.product-type.tool";
		};
		C88FD8752242CCA700CF6A8D /* aula08 */ = {
			isa = PBXNativeTarget;
			buildConfigurationList = C88FD87C2242CCA800CF6A8D /* Build configuration list for PBXNativeTarget "aula08" */;
			buildPhases = (
				C88FD8722242CCA700CF6A8D /* Sources */,
				C88FD8732242CCA700CF6A8D /* Frameworks */,
				C88FD8742242CCA700CF6A8D /* CopyFiles */,
			);
			buildRules = (
			);
			dependencies = (
			);
			name = aula08;
			productName = aula08;
			productReference = C88FD8762242CCA700CF6A8D /* aula08 */;
			productType = "com.apple.product-type.tool";
		};
		C8AB20AE222D5361000FED0D /* lab-programacao */ = {
			isa = PBXNativeTarget;
			buildConfigurationList = C8AB20B6222D5361000FED0D /* Build configuration list for PBXNativeTarget "lab-programacao" */;
			buildPhases = (
				C8AB20AB222D5361000FED0D /* Sources */,
				C8AB20AC222D5361000FED0D /* Frameworks */,
				C8AB20AD222D5361000FED0D /* CopyFiles */,
			);
			buildRules = (
			);
			dependencies = (
			);
			name = "lab-programacao";
			productName = "lab-programacao";
			productReference = C8AB20AF222D5361000FED0D /* lab-programacao */;
			productType = "com.apple.product-type.tool";
		};
		C8DBAC2C225BD55B0065EDA3 /* aula11 */ = {
			isa = PBXNativeTarget;
			buildConfigurationList = C8DBAC33225BD55B0065EDA3 /* Build configuration list for PBXNativeTarget "aula11" */;
			buildPhases = (
				C8DBAC29225BD55B0065EDA3 /* Sources */,
				C8DBAC2A225BD55B0065EDA3 /* Frameworks */,
				C8DBAC2B225BD55B0065EDA3 /* CopyFiles */,
			);
			buildRules = (
			);
			dependencies = (
			);
			name = aula11;
			productName = aula11;
			productReference = C8DBAC2D225BD55B0065EDA3 /* aula11 */;
			productType = "com.apple.product-type.tool";
		};
/* End PBXNativeTarget section */

/* Begin PBXProject section */
		C8AB20A7222D5360000FED0D /* Project object */ = {
			isa = PBXProject;
			attributes = {
				LastUpgradeCheck = 1010;
				ORGANIZATIONNAME = UFC;
				TargetAttributes = {
					C803611922529AE90080BA9D = {
						CreatedOnToolsVersion = 10.2;
					};
					C80361352252B2810080BA9D = {
						CreatedOnToolsVersion = 10.2;
					};
					C8150CFC2236FBB900CCAB2D = {
						CreatedOnToolsVersion = 10.1;
					};
					C8150D0A2236FC1900CCAB2D = {
						CreatedOnToolsVersion = 10.1;
					};
					C8257B342239A9400010DE47 = {
						CreatedOnToolsVersion = 10.1;
					};
					C8264E8A2240273D002E006E = {
						CreatedOnToolsVersion = 10.1;
					};
					C8264E982240310D002E006E = {
						CreatedOnToolsVersion = 10.1;
					};
					C8567186222D55DF0015EDB3 = {
						CreatedOnToolsVersion = 10.1;
					};
					C8567192222D561A0015EDB3 = {
						CreatedOnToolsVersion = 10.1;
						LastSwiftMigration = 1010;
					};
					C85671A1222D56570015EDB3 = {
						CreatedOnToolsVersion = 10.1;
					};
					C88FD8752242CCA700CF6A8D = {
						CreatedOnToolsVersion = 10.1;
					};
					C8AB20AE222D5361000FED0D = {
						CreatedOnToolsVersion = 10.1;
					};
					C8DBAC2C225BD55B0065EDA3 = {
						CreatedOnToolsVersion = 10.2;
					};
				};
			};
			buildConfigurationList = C8AB20AA222D5360000FED0D /* Build configuration list for PBXProject "lab-programacao-c++" */;
			compatibilityVersion = "Xcode 9.3";
			developmentRegion = en;
			hasScannedForEncodings = 0;
			knownRegions = (
				en,
				Base,
			);
			mainGroup = C8AB20A6222D5360000FED0D;
			productRefGroup = C8AB20B0222D5361000FED0D /* Products */;
			projectDirPath = "";
			projectRoot = "";
			targets = (
				C8AB20AE222D5361000FED0D /* lab-programacao */,
				C8567186222D55DF0015EDB3 /* aula01 */,
				C8567192222D561A0015EDB3 /* aula02 */,
				C85671A1222D56570015EDB3 /* aula03 */,
				C8150CFC2236FBB900CCAB2D /* aula04 */,
				C8150D0A2236FC1900CCAB2D /* aula05 */,
				C8257B342239A9400010DE47 /* aula06 */,
				C8264E8A2240273D002E006E /* aula07 */,
				C8264E982240310D002E006E /* playground */,
				C88FD8752242CCA700CF6A8D /* aula08 */,
				C803611922529AE90080BA9D /* aula09 */,
				C80361352252B2810080BA9D /* quicksort */,
				C8DBAC2C225BD55B0065EDA3 /* aula11 */,
			);
		};
/* End PBXProject section */

/* Begin PBXSourcesBuildPhase section */
		C803611622529AE90080BA9D /* Sources */ = {
			isa = PBXSourcesBuildPhase;
			buildActionMask = 2147483647;
			files = (
				C803611D22529AE90080BA9D /* main.cpp in Sources */,
				C803612B22529B100080BA9D /* particionamento.cpp in Sources */,
				C803612C22529B100080BA9D /* selecao.cpp in Sources */,
				C803612E22529B100080BA9D /* array_helper.cpp in Sources */,
				C803612D22529B100080BA9D /* quicksort.cpp in Sources */,
			);
			runOnlyForDeploymentPostprocessing = 0;
		};
		C80361322252B2810080BA9D /* Sources */ = {
			isa = PBXSourcesBuildPhase;
			buildActionMask = 2147483647;
			files = (
				C870D353225302F30081F701 /* console_helper.cpp in Sources */,
				C80361392252B2810080BA9D /* main.cpp in Sources */,
				C80361462252B2C30080BA9D /* quicksort.cpp in Sources */,
				C80361472252B2C30080BA9D /* selecao.cpp in Sources */,
				C870D34F2252F2730081F701 /* table_printer.cpp in Sources */,
				C80361482252B2C30080BA9D /* array_helper.cpp in Sources */,
				C80361492252B2C30080BA9D /* particionamento.cpp in Sources */,
			);
			runOnlyForDeploymentPostprocessing = 0;
		};
		C8150CF92236FBB900CCAB2D /* Sources */ = {
			isa = PBXSourcesBuildPhase;
			buildActionMask = 2147483647;
			files = (
				C8150D062236FBF400CCAB2D /* main.cpp in Sources */,
			);
			runOnlyForDeploymentPostprocessing = 0;
		};
		C8150D072236FC1900CCAB2D /* Sources */ = {
			isa = PBXSourcesBuildPhase;
			buildActionMask = 2147483647;
			files = (
				C8150D132236FC3900CCAB2D /* main.cpp in Sources */,
			);
			runOnlyForDeploymentPostprocessing = 0;
		};
		C8257B312239A9400010DE47 /* Sources */ = {
			isa = PBXSourcesBuildPhase;
			buildActionMask = 2147483647;
			files = (
				C8264E94224027D9002E006E /* main.cpp in Sources */,
				C8D6DC0322415007006082F2 /* array_helper.cpp in Sources */,
				C8D6DC0A2241560B006082F2 /* particoes.cpp in Sources */,
				C8D6DC0D224159D9006082F2 /* quicksorts.cpp in Sources */,
			);
			runOnlyForDeploymentPostprocessing = 0;
		};
		C8264E872240273D002E006E /* Sources */ = {
			isa = PBXSourcesBuildPhase;
			buildActionMask = 2147483647;
			files = (
				C88FD88122449DBA00CF6A8D /* selecoes.cpp in Sources */,
				C88FD88C224597BB00CF6A8D /* quicksorts.cpp in Sources */,
				C88FD8852244A04900CF6A8D /* particoes.cpp in Sources */,
				C8264E8E2240273D002E006E /* main.cpp in Sources */,
				C88FD8892244A35E00CF6A8D /* array_helper.cpp in Sources */,
			);
			runOnlyForDeploymentPostprocessing = 0;
		};
		C8264E952240310D002E006E /* Sources */ = {
			isa = PBXSourcesBuildPhase;
			buildActionMask = 2147483647;
			files = (
				C8264EA122403163002E006E /* main.cpp in Sources */,
			);
			runOnlyForDeploymentPostprocessing = 0;
		};
		C8567183222D55DF0015EDB3 /* Sources */ = {
			isa = PBXSourcesBuildPhase;
			buildActionMask = 2147483647;
			files = (
			);
			runOnlyForDeploymentPostprocessing = 0;
		};
		C856718F222D561A0015EDB3 /* Sources */ = {
			isa = PBXSourcesBuildPhase;
			buildActionMask = 2147483647;
			files = (
				C856719D222D563E0015EDB3 /* main.cpp in Sources */,
			);
			runOnlyForDeploymentPostprocessing = 0;
		};
		C856719E222D56570015EDB3 /* Sources */ = {
			isa = PBXSourcesBuildPhase;
			buildActionMask = 2147483647;
			files = (
				C85671AC222D56690015EDB3 /* main.cpp in Sources */,
			);
			runOnlyForDeploymentPostprocessing = 0;
		};
		C88FD8722242CCA700CF6A8D /* Sources */ = {
			isa = PBXSourcesBuildPhase;
			buildActionMask = 2147483647;
			files = (
				C8036110224FF5F90080BA9D /* particionamento.cpp in Sources */,
				C803610F224FF5F90080BA9D /* selecao.cpp in Sources */,
				C88FD8792242CCA800CF6A8D /* main.cpp in Sources */,
				C876F083224C02D40095C552 /* quicksort.cpp in Sources */,
				C876F082224C02D40095C552 /* array_helper.cpp in Sources */,
			);
			runOnlyForDeploymentPostprocessing = 0;
		};
		C8AB20AB222D5361000FED0D /* Sources */ = {
			isa = PBXSourcesBuildPhase;
			buildActionMask = 2147483647;
			files = (
			);
			runOnlyForDeploymentPostprocessing = 0;
		};
		C8DBAC29225BD55B0065EDA3 /* Sources */ = {
			isa = PBXSourcesBuildPhase;
			buildActionMask = 2147483647;
			files = (
				C8DBAC30225BD55B0065EDA3 /* main.cpp in Sources */,
			);
			runOnlyForDeploymentPostprocessing = 0;
		};
/* End PBXSourcesBuildPhase section */

/* Begin XCBuildConfiguration section */
		C803611F22529AE90080BA9D /* Debug */ = {
			isa = XCBuildConfiguration;
			buildSettings = {
				CODE_SIGN_STYLE = Automatic;
				PRODUCT_NAME = "$(TARGET_NAME)";
			};
			name = Debug;
		};
		C803612022529AE90080BA9D /* Release */ = {
			isa = XCBuildConfiguration;
			buildSettings = {
				CODE_SIGN_STYLE = Automatic;
				PRODUCT_NAME = "$(TARGET_NAME)";
			};
			name = Release;
		};
		C803613B2252B2810080BA9D /* Debug */ = {
			isa = XCBuildConfiguration;
			buildSettings = {
				CODE_SIGN_STYLE = Automatic;
				PRODUCT_NAME = "$(TARGET_NAME)";
			};
			name = Debug;
		};
		C803613C2252B2810080BA9D /* Release */ = {
			isa = XCBuildConfiguration;
			buildSettings = {
				CODE_SIGN_STYLE = Automatic;
				PRODUCT_NAME = "$(TARGET_NAME)";
			};
			name = Release;
		};
		C8150D022236FBB900CCAB2D /* Debug */ = {
			isa = XCBuildConfiguration;
			buildSettings = {
				CODE_SIGN_STYLE = Automatic;
				PRODUCT_NAME = "$(TARGET_NAME)";
			};
			name = Debug;
		};
		C8150D032236FBB900CCAB2D /* Release */ = {
			isa = XCBuildConfiguration;
			buildSettings = {
				CODE_SIGN_STYLE = Automatic;
				PRODUCT_NAME = "$(TARGET_NAME)";
			};
			name = Release;
		};
		C8150D102236FC1900CCAB2D /* Debug */ = {
			isa = XCBuildConfiguration;
			buildSettings = {
				CODE_SIGN_STYLE = Automatic;
				PRODUCT_NAME = "$(TARGET_NAME)";
			};
			name = Debug;
		};
		C8150D112236FC1900CCAB2D /* Release */ = {
			isa = XCBuildConfiguration;
			buildSettings = {
				CODE_SIGN_STYLE = Automatic;
				PRODUCT_NAME = "$(TARGET_NAME)";
			};
			name = Release;
		};
		C8257B3A2239A9400010DE47 /* Debug */ = {
			isa = XCBuildConfiguration;
			buildSettings = {
				CODE_SIGN_STYLE = Automatic;
				PRODUCT_NAME = "$(TARGET_NAME)";
			};
			name = Debug;
		};
		C8257B3B2239A9400010DE47 /* Release */ = {
			isa = XCBuildConfiguration;
			buildSettings = {
				CODE_SIGN_STYLE = Automatic;
				PRODUCT_NAME = "$(TARGET_NAME)";
			};
			name = Release;
		};
		C8264E8F2240273D002E006E /* Debug */ = {
			isa = XCBuildConfiguration;
			buildSettings = {
				CODE_SIGN_STYLE = Automatic;
				PRODUCT_NAME = "$(TARGET_NAME)";
			};
			name = Debug;
		};
		C8264E902240273D002E006E /* Release */ = {
			isa = XCBuildConfiguration;
			buildSettings = {
				CODE_SIGN_STYLE = Automatic;
				PRODUCT_NAME = "$(TARGET_NAME)";
			};
			name = Release;
		};
		C8264E9E2240310D002E006E /* Debug */ = {
			isa = XCBuildConfiguration;
			buildSettings = {
				CODE_SIGN_STYLE = Automatic;
				PRODUCT_NAME = "$(TARGET_NAME)";
			};
			name = Debug;
		};
		C8264E9F2240310D002E006E /* Release */ = {
			isa = XCBuildConfiguration;
			buildSettings = {
				CODE_SIGN_STYLE = Automatic;
				PRODUCT_NAME = "$(TARGET_NAME)";
			};
			name = Release;
		};
		C856718C222D55DF0015EDB3 /* Debug */ = {
			isa = XCBuildConfiguration;
			buildSettings = {
				CODE_SIGN_STYLE = Automatic;
				PRODUCT_NAME = "$(TARGET_NAME)";
			};
			name = Debug;
		};
		C856718D222D55DF0015EDB3 /* Release */ = {
			isa = XCBuildConfiguration;
			buildSettings = {
				CODE_SIGN_STYLE = Automatic;
				PRODUCT_NAME = "$(TARGET_NAME)";
			};
			name = Release;
		};
		C8567198222D561A0015EDB3 /* Debug */ = {
			isa = XCBuildConfiguration;
			buildSettings = {
				CLANG_ENABLE_MODULES = YES;
				CODE_SIGN_STYLE = Automatic;
				LD_RUNPATH_SEARCH_PATHS = (
					"$(inherited)",
					"@executable_path/../Frameworks",
					"@loader_path/../Frameworks",
				);
				PRODUCT_NAME = "$(TARGET_NAME)";
				SWIFT_OBJC_BRIDGING_HEADER = "aula02/aula02-Bridging-Header.h";
				SWIFT_OPTIMIZATION_LEVEL = "-Onone";
				SWIFT_VERSION = 4.2;
			};
			name = Debug;
		};
		C8567199222D561A0015EDB3 /* Release */ = {
			isa = XCBuildConfiguration;
			buildSettings = {
				CLANG_ENABLE_MODULES = YES;
				CODE_SIGN_STYLE = Automatic;
				LD_RUNPATH_SEARCH_PATHS = (
					"$(inherited)",
					"@executable_path/../Frameworks",
					"@loader_path/../Frameworks",
				);
				PRODUCT_NAME = "$(TARGET_NAME)";
				SWIFT_OBJC_BRIDGING_HEADER = "aula02/aula02-Bridging-Header.h";
				SWIFT_VERSION = 4.2;
			};
			name = Release;
		};
		C85671A7222D56570015EDB3 /* Debug */ = {
			isa = XCBuildConfiguration;
			buildSettings = {
				CODE_SIGN_STYLE = Automatic;
				PRODUCT_NAME = "$(TARGET_NAME)";
			};
			name = Debug;
		};
		C85671A8222D56570015EDB3 /* Release */ = {
			isa = XCBuildConfiguration;
			buildSettings = {
				CODE_SIGN_STYLE = Automatic;
				PRODUCT_NAME = "$(TARGET_NAME)";
			};
			name = Release;
		};
		C88FD87A2242CCA800CF6A8D /* Debug */ = {
			isa = XCBuildConfiguration;
			buildSettings = {
				CODE_SIGN_STYLE = Automatic;
				PRODUCT_NAME = "$(TARGET_NAME)";
			};
			name = Debug;
		};
		C88FD87B2242CCA800CF6A8D /* Release */ = {
			isa = XCBuildConfiguration;
			buildSettings = {
				CODE_SIGN_STYLE = Automatic;
				PRODUCT_NAME = "$(TARGET_NAME)";
			};
			name = Release;
		};
		C8AB20B4222D5361000FED0D /* Debug */ = {
			isa = XCBuildConfiguration;
			buildSettings = {
				ALWAYS_SEARCH_USER_PATHS = NO;
				CLANG_ANALYZER_NONNULL = YES;
				CLANG_ANALYZER_NUMBER_OBJECT_CONVERSION = YES_AGGRESSIVE;
				CLANG_CXX_LANGUAGE_STANDARD = "gnu++14";
				CLANG_CXX_LIBRARY = "libc++";
				CLANG_ENABLE_MODULES = YES;
				CLANG_ENABLE_OBJC_ARC = YES;
				CLANG_ENABLE_OBJC_WEAK = YES;
				CLANG_WARN_BLOCK_CAPTURE_AUTORELEASING = YES;
				CLANG_WARN_BOOL_CONVERSION = YES;
				CLANG_WARN_COMMA = YES;
				CLANG_WARN_CONSTANT_CONVERSION = YES;
				CLANG_WARN_DEPRECATED_OBJC_IMPLEMENTATIONS = YES;
				CLANG_WARN_DIRECT_OBJC_ISA_USAGE = YES_ERROR;
				CLANG_WARN_DOCUMENTATION_COMMENTS = YES;
				CLANG_WARN_EMPTY_BODY = YES;
				CLANG_WARN_ENUM_CONVERSION = YES;
				CLANG_WARN_INFINITE_RECURSION = YES;
				CLANG_WARN_INT_CONVERSION = YES;
				CLANG_WARN_NON_LITERAL_NULL_CONVERSION = YES;
				CLANG_WARN_OBJC_IMPLICIT_RETAIN_SELF = YES;
				CLANG_WARN_OBJC_LITERAL_CONVERSION = YES;
				CLANG_WARN_OBJC_ROOT_CLASS = YES_ERROR;
				CLANG_WARN_RANGE_LOOP_ANALYSIS = YES;
				CLANG_WARN_STRICT_PROTOTYPES = YES;
				CLANG_WARN_SUSPICIOUS_MOVE = YES;
				CLANG_WARN_UNGUARDED_AVAILABILITY = YES_AGGRESSIVE;
				CLANG_WARN_UNREACHABLE_CODE = YES;
				CLANG_WARN__DUPLICATE_METHOD_MATCH = YES;
				CODE_SIGN_IDENTITY = "-";
				COPY_PHASE_STRIP = NO;
				DEBUG_INFORMATION_FORMAT = dwarf;
				ENABLE_STRICT_OBJC_MSGSEND = YES;
				ENABLE_TESTABILITY = YES;
				GCC_C_LANGUAGE_STANDARD = gnu11;
				GCC_DYNAMIC_NO_PIC = NO;
				GCC_NO_COMMON_BLOCKS = YES;
				GCC_OPTIMIZATION_LEVEL = 0;
				GCC_PREPROCESSOR_DEFINITIONS = (
					"DEBUG=1",
					"$(inherited)",
				);
				GCC_WARN_64_TO_32_BIT_CONVERSION = YES;
				GCC_WARN_ABOUT_RETURN_TYPE = YES_ERROR;
				GCC_WARN_UNDECLARED_SELECTOR = YES;
				GCC_WARN_UNINITIALIZED_AUTOS = YES_AGGRESSIVE;
				GCC_WARN_UNUSED_FUNCTION = YES;
				GCC_WARN_UNUSED_VARIABLE = YES;
				MACOSX_DEPLOYMENT_TARGET = 10.14;
				MTL_ENABLE_DEBUG_INFO = INCLUDE_SOURCE;
				MTL_FAST_MATH = YES;
				ONLY_ACTIVE_ARCH = YES;
				SDKROOT = macosx;
			};
			name = Debug;
		};
		C8AB20B5222D5361000FED0D /* Release */ = {
			isa = XCBuildConfiguration;
			buildSettings = {
				ALWAYS_SEARCH_USER_PATHS = NO;
				CLANG_ANALYZER_NONNULL = YES;
				CLANG_ANALYZER_NUMBER_OBJECT_CONVERSION = YES_AGGRESSIVE;
				CLANG_CXX_LANGUAGE_STANDARD = "gnu++14";
				CLANG_CXX_LIBRARY = "libc++";
				CLANG_ENABLE_MODULES = YES;
				CLANG_ENABLE_OBJC_ARC = YES;
				CLANG_ENABLE_OBJC_WEAK = YES;
				CLANG_WARN_BLOCK_CAPTURE_AUTORELEASING = YES;
				CLANG_WARN_BOOL_CONVERSION = YES;
				CLANG_WARN_COMMA = YES;
				CLANG_WARN_CONSTANT_CONVERSION = YES;
				CLANG_WARN_DEPRECATED_OBJC_IMPLEMENTATIONS = YES;
				CLANG_WARN_DIRECT_OBJC_ISA_USAGE = YES_ERROR;
				CLANG_WARN_DOCUMENTATION_COMMENTS = YES;
				CLANG_WARN_EMPTY_BODY = YES;
				CLANG_WARN_ENUM_CONVERSION = YES;
				CLANG_WARN_INFINITE_RECURSION = YES;
				CLANG_WARN_INT_CONVERSION = YES;
				CLANG_WARN_NON_LITERAL_NULL_CONVERSION = YES;
				CLANG_WARN_OBJC_IMPLICIT_RETAIN_SELF = YES;
				CLANG_WARN_OBJC_LITERAL_CONVERSION = YES;
				CLANG_WARN_OBJC_ROOT_CLASS = YES_ERROR;
				CLANG_WARN_RANGE_LOOP_ANALYSIS = YES;
				CLANG_WARN_STRICT_PROTOTYPES = YES;
				CLANG_WARN_SUSPICIOUS_MOVE = YES;
				CLANG_WARN_UNGUARDED_AVAILABILITY = YES_AGGRESSIVE;
				CLANG_WARN_UNREACHABLE_CODE = YES;
				CLANG_WARN__DUPLICATE_METHOD_MATCH = YES;
				CODE_SIGN_IDENTITY = "-";
				COPY_PHASE_STRIP = NO;
				DEBUG_INFORMATION_FORMAT = "dwarf-with-dsym";
				ENABLE_NS_ASSERTIONS = NO;
				ENABLE_STRICT_OBJC_MSGSEND = YES;
				GCC_C_LANGUAGE_STANDARD = gnu11;
				GCC_NO_COMMON_BLOCKS = YES;
				GCC_WARN_64_TO_32_BIT_CONVERSION = YES;
				GCC_WARN_ABOUT_RETURN_TYPE = YES_ERROR;
				GCC_WARN_UNDECLARED_SELECTOR = YES;
				GCC_WARN_UNINITIALIZED_AUTOS = YES_AGGRESSIVE;
				GCC_WARN_UNUSED_FUNCTION = YES;
				GCC_WARN_UNUSED_VARIABLE = YES;
				MACOSX_DEPLOYMENT_TARGET = 10.14;
				MTL_ENABLE_DEBUG_INFO = NO;
				MTL_FAST_MATH = YES;
				SDKROOT = macosx;
			};
			name = Release;
		};
		C8AB20B7222D5361000FED0D /* Debug */ = {
			isa = XCBuildConfiguration;
			buildSettings = {
				CODE_SIGN_STYLE = Automatic;
				PRODUCT_NAME = "$(TARGET_NAME)";
			};
			name = Debug;
		};
		C8AB20B8222D5361000FED0D /* Release */ = {
			isa = XCBuildConfiguration;
			buildSettings = {
				CODE_SIGN_STYLE = Automatic;
				PRODUCT_NAME = "$(TARGET_NAME)";
			};
			name = Release;
		};
		C8DBAC31225BD55B0065EDA3 /* Debug */ = {
			isa = XCBuildConfiguration;
			buildSettings = {
				CODE_SIGN_STYLE = Automatic;
				PRODUCT_NAME = "$(TARGET_NAME)";
			};
			name = Debug;
		};
		C8DBAC32225BD55B0065EDA3 /* Release */ = {
			isa = XCBuildConfiguration;
			buildSettings = {
				CODE_SIGN_STYLE = Automatic;
				PRODUCT_NAME = "$(TARGET_NAME)";
			};
			name = Release;
		};
/* End XCBuildConfiguration section */

/* Begin XCConfigurationList section */
		C803611E22529AE90080BA9D /* Build configuration list for PBXNativeTarget "aula09" */ = {
			isa = XCConfigurationList;
			buildConfigurations = (
				C803611F22529AE90080BA9D /* Debug */,
				C803612022529AE90080BA9D /* Release */,
			);
			defaultConfigurationIsVisible = 0;
			defaultConfigurationName = Release;
		};
		C803613A2252B2810080BA9D /* Build configuration list for PBXNativeTarget "quicksort" */ = {
			isa = XCConfigurationList;
			buildConfigurations = (
				C803613B2252B2810080BA9D /* Debug */,
				C803613C2252B2810080BA9D /* Release */,
			);
			defaultConfigurationIsVisible = 0;
			defaultConfigurationName = Release;
		};
		C8150D012236FBB900CCAB2D /* Build configuration list for PBXNativeTarget "aula04" */ = {
			isa = XCConfigurationList;
			buildConfigurations = (
				C8150D022236FBB900CCAB2D /* Debug */,
				C8150D032236FBB900CCAB2D /* Release */,
			);
			defaultConfigurationIsVisible = 0;
			defaultConfigurationName = Release;
		};
		C8150D0F2236FC1900CCAB2D /* Build configuration list for PBXNativeTarget "aula05" */ = {
			isa = XCConfigurationList;
			buildConfigurations = (
				C8150D102236FC1900CCAB2D /* Debug */,
				C8150D112236FC1900CCAB2D /* Release */,
			);
			defaultConfigurationIsVisible = 0;
			defaultConfigurationName = Release;
		};
		C8257B392239A9400010DE47 /* Build configuration list for PBXNativeTarget "aula06" */ = {
			isa = XCConfigurationList;
			buildConfigurations = (
				C8257B3A2239A9400010DE47 /* Debug */,
				C8257B3B2239A9400010DE47 /* Release */,
			);
			defaultConfigurationIsVisible = 0;
			defaultConfigurationName = Release;
		};
		C8264E912240273D002E006E /* Build configuration list for PBXNativeTarget "aula07" */ = {
			isa = XCConfigurationList;
			buildConfigurations = (
				C8264E8F2240273D002E006E /* Debug */,
				C8264E902240273D002E006E /* Release */,
			);
			defaultConfigurationIsVisible = 0;
			defaultConfigurationName = Release;
		};
		C8264E9D2240310D002E006E /* Build configuration list for PBXNativeTarget "playground" */ = {
			isa = XCConfigurationList;
			buildConfigurations = (
				C8264E9E2240310D002E006E /* Debug */,
				C8264E9F2240310D002E006E /* Release */,
			);
			defaultConfigurationIsVisible = 0;
			defaultConfigurationName = Release;
		};
		C856718B222D55DF0015EDB3 /* Build configuration list for PBXNativeTarget "aula01" */ = {
			isa = XCConfigurationList;
			buildConfigurations = (
				C856718C222D55DF0015EDB3 /* Debug */,
				C856718D222D55DF0015EDB3 /* Release */,
			);
			defaultConfigurationIsVisible = 0;
			defaultConfigurationName = Release;
		};
		C8567197222D561A0015EDB3 /* Build configuration list for PBXNativeTarget "aula02" */ = {
			isa = XCConfigurationList;
			buildConfigurations = (
				C8567198222D561A0015EDB3 /* Debug */,
				C8567199222D561A0015EDB3 /* Release */,
			);
			defaultConfigurationIsVisible = 0;
			defaultConfigurationName = Release;
		};
		C85671A6222D56570015EDB3 /* Build configuration list for PBXNativeTarget "aula03" */ = {
			isa = XCConfigurationList;
			buildConfigurations = (
				C85671A7222D56570015EDB3 /* Debug */,
				C85671A8222D56570015EDB3 /* Release */,
			);
			defaultConfigurationIsVisible = 0;
			defaultConfigurationName = Release;
		};
		C88FD87C2242CCA800CF6A8D /* Build configuration list for PBXNativeTarget "aula08" */ = {
			isa = XCConfigurationList;
			buildConfigurations = (
				C88FD87A2242CCA800CF6A8D /* Debug */,
				C88FD87B2242CCA800CF6A8D /* Release */,
			);
			defaultConfigurationIsVisible = 0;
			defaultConfigurationName = Release;
		};
		C8AB20AA222D5360000FED0D /* Build configuration list for PBXProject "lab-programacao-c++" */ = {
			isa = XCConfigurationList;
			buildConfigurations = (
				C8AB20B4222D5361000FED0D /* Debug */,
				C8AB20B5222D5361000FED0D /* Release */,
			);
			defaultConfigurationIsVisible = 0;
			defaultConfigurationName = Release;
		};
		C8AB20B6222D5361000FED0D /* Build configuration list for PBXNativeTarget "lab-programacao" */ = {
			isa = XCConfigurationList;
			buildConfigurations = (
				C8AB20B7222D5361000FED0D /* Debug */,
				C8AB20B8222D5361000FED0D /* Release */,
			);
			defaultConfigurationIsVisible = 0;
			defaultConfigurationName = Release;
		};
		C8DBAC33225BD55B0065EDA3 /* Build configuration list for PBXNativeTarget "aula11" */ = {
			isa = XCConfigurationList;
			buildConfigurations = (
				C8DBAC31225BD55B0065EDA3 /* Debug */,
				C8DBAC32225BD55B0065EDA3 /* Release */,
			);
			defaultConfigurationIsVisible = 0;
			defaultConfigurationName = Release;
		};
/* End XCConfigurationList section */
	};
	rootObject = C8AB20A7222D5360000FED0D /* Project object */;
}
