// !$*UTF8*$!
{
	archiveVersion = 1;
	classes = {
	};
	objectVersion = 50;
	objects = {

/* Begin PBXBuildFile section */
		C80FB42422836D3A00D32C73 /* main.cpp in Sources */ = {isa = PBXBuildFile; fileRef = C80FB42322836D3A00D32C73 /* main.cpp */; };
		C80FB43622836D8C00D32C73 /* particionamento.cpp in Sources */ = {isa = PBXBuildFile; fileRef = C80FB42A22836D8C00D32C73 /* particionamento.cpp */; };
		C80FB43822836D8C00D32C73 /* particionamento.cpp in Sources */ = {isa = PBXBuildFile; fileRef = C80FB42A22836D8C00D32C73 /* particionamento.cpp */; };
		C80FB43922836D8C00D32C73 /* selecao.cpp in Sources */ = {isa = PBXBuildFile; fileRef = C80FB42C22836D8C00D32C73 /* selecao.cpp */; };
		C80FB43B22836D8C00D32C73 /* selecao.cpp in Sources */ = {isa = PBXBuildFile; fileRef = C80FB42C22836D8C00D32C73 /* selecao.cpp */; };
		C80FB43C22836D8C00D32C73 /* array_helper.cpp in Sources */ = {isa = PBXBuildFile; fileRef = C80FB42F22836D8C00D32C73 /* array_helper.cpp */; };
		C80FB43E22836D8C00D32C73 /* array_helper.cpp in Sources */ = {isa = PBXBuildFile; fileRef = C80FB42F22836D8C00D32C73 /* array_helper.cpp */; };
		C80FB43F22836D8C00D32C73 /* quicksort.cpp in Sources */ = {isa = PBXBuildFile; fileRef = C80FB43022836D8C00D32C73 /* quicksort.cpp */; };
		C80FB44122836D8C00D32C73 /* quicksort.cpp in Sources */ = {isa = PBXBuildFile; fileRef = C80FB43022836D8C00D32C73 /* quicksort.cpp */; };
		C80FB44F22836E2500D32C73 /* main.cpp in Sources */ = {isa = PBXBuildFile; fileRef = C80FB44E22836E2500D32C73 /* main.cpp */; };
		C80FB46622836F0000D32C73 /* main.cpp in Sources */ = {isa = PBXBuildFile; fileRef = C80FB46522836F0000D32C73 /* main.cpp */; };
		C80FB47522836F3800D32C73 /* quicksort.cpp in Sources */ = {isa = PBXBuildFile; fileRef = C80FB46A22836F3800D32C73 /* quicksort.cpp */; };
		C80FB47622836F3800D32C73 /* particionamento.cpp in Sources */ = {isa = PBXBuildFile; fileRef = C80FB46C22836F3800D32C73 /* particionamento.cpp */; };
		C80FB47722836F3800D32C73 /* selecao.cpp in Sources */ = {isa = PBXBuildFile; fileRef = C80FB47022836F3800D32C73 /* selecao.cpp */; };
		C80FB47822836F3800D32C73 /* array_helper.cpp in Sources */ = {isa = PBXBuildFile; fileRef = C80FB47422836F3800D32C73 /* array_helper.cpp */; };
		C80FB488228371C100D32C73 /* main.cpp in Sources */ = {isa = PBXBuildFile; fileRef = C80FB487228371C100D32C73 /* main.cpp */; };
		C80FB49E228371F100D32C73 /* table_printer.cpp in Sources */ = {isa = PBXBuildFile; fileRef = C80FB48C228371F000D32C73 /* table_printer.cpp */; };
		C80FB49F228371F100D32C73 /* partition.cpp in Sources */ = {isa = PBXBuildFile; fileRef = C80FB492228371F100D32C73 /* partition.cpp */; };
		C80FB4A0228371F100D32C73 /* selection.cpp in Sources */ = {isa = PBXBuildFile; fileRef = C80FB493228371F100D32C73 /* selection.cpp */; };
		C80FB4A1228371F100D32C73 /* quicksort.cpp in Sources */ = {isa = PBXBuildFile; fileRef = C80FB495228371F100D32C73 /* quicksort.cpp */; };
		C80FB4A2228371F100D32C73 /* array_helper.cpp in Sources */ = {isa = PBXBuildFile; fileRef = C80FB498228371F100D32C73 /* array_helper.cpp */; };
		C80FB4A3228371F100D32C73 /* console_helper.cpp in Sources */ = {isa = PBXBuildFile; fileRef = C80FB49D228371F100D32C73 /* console_helper.cpp */; };
		C8150D062236FBF400CCAB2D /* main.cpp in Sources */ = {isa = PBXBuildFile; fileRef = C8150D052236FBF400CCAB2D /* main.cpp */; };
		C8150D132236FC3900CCAB2D /* main.cpp in Sources */ = {isa = PBXBuildFile; fileRef = C8150D122236FC3900CCAB2D /* main.cpp */; };
		C8264E8E2240273D002E006E /* main.cpp in Sources */ = {isa = PBXBuildFile; fileRef = C8264E8D2240273D002E006E /* main.cpp */; };
		C8264E94224027D9002E006E /* main.cpp in Sources */ = {isa = PBXBuildFile; fileRef = C8264E93224027D9002E006E /* main.cpp */; };
		C856719D222D563E0015EDB3 /* main.cpp in Sources */ = {isa = PBXBuildFile; fileRef = C856719B222D563E0015EDB3 /* main.cpp */; };
		C85671AC222D56690015EDB3 /* main.cpp in Sources */ = {isa = PBXBuildFile; fileRef = C85671AA222D56690015EDB3 /* main.cpp */; };
		C8708986228778F30092C029 /* main.cpp in Sources */ = {isa = PBXBuildFile; fileRef = C8708985228778F30092C029 /* main.cpp */; };
		C87089912287790B0092C029 /* main.cpp in Sources */ = {isa = PBXBuildFile; fileRef = C87089902287790B0092C029 /* main.cpp */; };
		C870899E22877AED0092C029 /* main.cpp in Sources */ = {isa = PBXBuildFile; fileRef = C870899D22877AEC0092C029 /* main.cpp */; };
		C87089A922877B140092C029 /* main.cpp in Sources */ = {isa = PBXBuildFile; fileRef = C87089A822877B140092C029 /* main.cpp */; };
		C87089B62288DDC10092C029 /* array_helper.cpp in Sources */ = {isa = PBXBuildFile; fileRef = C87089B42288DDC10092C029 /* array_helper.cpp */; };
		C87089BB2288E3BF0092C029 /* search.cpp in Sources */ = {isa = PBXBuildFile; fileRef = C87089B92288E3BF0092C029 /* search.cpp */; };
		C88FD88122449DBA00CF6A8D /* selecoes.cpp in Sources */ = {isa = PBXBuildFile; fileRef = C88FD87F22449DBA00CF6A8D /* selecoes.cpp */; };
		C88FD8852244A04900CF6A8D /* particoes.cpp in Sources */ = {isa = PBXBuildFile; fileRef = C88FD8832244A04900CF6A8D /* particoes.cpp */; };
		C88FD8892244A35E00CF6A8D /* array_helper.cpp in Sources */ = {isa = PBXBuildFile; fileRef = C88FD8872244A35D00CF6A8D /* array_helper.cpp */; };
		C88FD88C224597BB00CF6A8D /* quicksorts.cpp in Sources */ = {isa = PBXBuildFile; fileRef = C88FD88B224597BB00CF6A8D /* quicksorts.cpp */; };
		C8946919227917A200882146 /* main.cpp in Sources */ = {isa = PBXBuildFile; fileRef = C8946918227917A200882146 /* main.cpp */; };
		C8946924227917AB00882146 /* main.cpp in Sources */ = {isa = PBXBuildFile; fileRef = C8946923227917AB00882146 /* main.cpp */; };
		C894692F227917B200882146 /* main.cpp in Sources */ = {isa = PBXBuildFile; fileRef = C894692E227917B200882146 /* main.cpp */; };
		C894693A227917D000882146 /* main.cpp in Sources */ = {isa = PBXBuildFile; fileRef = C8946939227917D000882146 /* main.cpp */; };
		C894695622792C8E00882146 /* main.cpp in Sources */ = {isa = PBXBuildFile; fileRef = C894695522792C8E00882146 /* main.cpp */; };
		C8D6DC0322415007006082F2 /* array_helper.cpp in Sources */ = {isa = PBXBuildFile; fileRef = C8D6DC0222415007006082F2 /* array_helper.cpp */; };
		C8D6DC0A2241560B006082F2 /* particoes.cpp in Sources */ = {isa = PBXBuildFile; fileRef = C8D6DC082241560B006082F2 /* particoes.cpp */; };
		C8D6DC0D224159D9006082F2 /* quicksorts.cpp in Sources */ = {isa = PBXBuildFile; fileRef = C8D6DC0B224159D9006082F2 /* quicksorts.cpp */; };
/* End PBXBuildFile section */

/* Begin PBXCopyFilesBuildPhase section */
		C80FB41F22836D3A00D32C73 /* CopyFiles */ = {
			isa = PBXCopyFilesBuildPhase;
			buildActionMask = 2147483647;
			dstPath = /usr/share/man/man1/;
			dstSubfolderSpec = 0;
			files = (
			);
			runOnlyForDeploymentPostprocessing = 1;
		};
		C80FB44A22836E2400D32C73 /* CopyFiles */ = {
			isa = PBXCopyFilesBuildPhase;
			buildActionMask = 2147483647;
			dstPath = /usr/share/man/man1/;
			dstSubfolderSpec = 0;
			files = (
			);
			runOnlyForDeploymentPostprocessing = 1;
		};
		C80FB46122836EFF00D32C73 /* CopyFiles */ = {
			isa = PBXCopyFilesBuildPhase;
			buildActionMask = 2147483647;
			dstPath = /usr/share/man/man1/;
			dstSubfolderSpec = 0;
			files = (
			);
			runOnlyForDeploymentPostprocessing = 1;
		};
		C80FB483228371C100D32C73 /* CopyFiles */ = {
			isa = PBXCopyFilesBuildPhase;
			buildActionMask = 2147483647;
			dstPath = /usr/share/man/man1/;
			dstSubfolderSpec = 0;
			files = (
			);
			runOnlyForDeploymentPostprocessing = 1;
		};
		C8150CFB2236FBB900CCAB2D /* CopyFiles */ = {
			isa = PBXCopyFilesBuildPhase;
			buildActionMask = 2147483647;
			dstPath = /usr/share/man/man1/;
			dstSubfolderSpec = 0;
			files = (
			);
			runOnlyForDeploymentPostprocessing = 1;
		};
		C8150D092236FC1900CCAB2D /* CopyFiles */ = {
			isa = PBXCopyFilesBuildPhase;
			buildActionMask = 2147483647;
			dstPath = /usr/share/man/man1/;
			dstSubfolderSpec = 0;
			files = (
			);
			runOnlyForDeploymentPostprocessing = 1;
		};
		C8257B332239A9400010DE47 /* CopyFiles */ = {
			isa = PBXCopyFilesBuildPhase;
			buildActionMask = 2147483647;
			dstPath = /usr/share/man/man1/;
			dstSubfolderSpec = 0;
			files = (
			);
			runOnlyForDeploymentPostprocessing = 1;
		};
		C8264E892240273D002E006E /* CopyFiles */ = {
			isa = PBXCopyFilesBuildPhase;
			buildActionMask = 2147483647;
			dstPath = /usr/share/man/man1/;
			dstSubfolderSpec = 0;
			files = (
			);
			runOnlyForDeploymentPostprocessing = 1;
		};
		C8567191222D561A0015EDB3 /* CopyFiles */ = {
			isa = PBXCopyFilesBuildPhase;
			buildActionMask = 2147483647;
			dstPath = /usr/share/man/man1/;
			dstSubfolderSpec = 0;
			files = (
			);
			runOnlyForDeploymentPostprocessing = 1;
		};
		C85671A0222D56570015EDB3 /* CopyFiles */ = {
			isa = PBXCopyFilesBuildPhase;
			buildActionMask = 2147483647;
			dstPath = /usr/share/man/man1/;
			dstSubfolderSpec = 0;
			files = (
			);
			runOnlyForDeploymentPostprocessing = 1;
		};
		C8708981228778F30092C029 /* CopyFiles */ = {
			isa = PBXCopyFilesBuildPhase;
			buildActionMask = 2147483647;
			dstPath = /usr/share/man/man1/;
			dstSubfolderSpec = 0;
			files = (
			);
			runOnlyForDeploymentPostprocessing = 1;
		};
		C870898C2287790B0092C029 /* CopyFiles */ = {
			isa = PBXCopyFilesBuildPhase;
			buildActionMask = 2147483647;
			dstPath = /usr/share/man/man1/;
			dstSubfolderSpec = 0;
			files = (
			);
			runOnlyForDeploymentPostprocessing = 1;
		};
		C870899922877AEC0092C029 /* CopyFiles */ = {
			isa = PBXCopyFilesBuildPhase;
			buildActionMask = 2147483647;
			dstPath = /usr/share/man/man1/;
			dstSubfolderSpec = 0;
			files = (
			);
			runOnlyForDeploymentPostprocessing = 1;
		};
		C87089A422877B140092C029 /* CopyFiles */ = {
			isa = PBXCopyFilesBuildPhase;
			buildActionMask = 2147483647;
			dstPath = /usr/share/man/man1/;
			dstSubfolderSpec = 0;
			files = (
			);
			runOnlyForDeploymentPostprocessing = 1;
		};
		C89469092279179B00882146 /* CopyFiles */ = {
			isa = PBXCopyFilesBuildPhase;
			buildActionMask = 2147483647;
			dstPath = /usr/share/man/man1/;
			dstSubfolderSpec = 0;
			files = (
			);
			runOnlyForDeploymentPostprocessing = 1;
		};
		C8946914227917A100882146 /* CopyFiles */ = {
			isa = PBXCopyFilesBuildPhase;
			buildActionMask = 2147483647;
			dstPath = /usr/share/man/man1/;
			dstSubfolderSpec = 0;
			files = (
			);
			runOnlyForDeploymentPostprocessing = 1;
		};
		C894691F227917AB00882146 /* CopyFiles */ = {
			isa = PBXCopyFilesBuildPhase;
			buildActionMask = 2147483647;
			dstPath = /usr/share/man/man1/;
			dstSubfolderSpec = 0;
			files = (
			);
			runOnlyForDeploymentPostprocessing = 1;
		};
		C894692A227917B200882146 /* CopyFiles */ = {
			isa = PBXCopyFilesBuildPhase;
			buildActionMask = 2147483647;
			dstPath = /usr/share/man/man1/;
			dstSubfolderSpec = 0;
			files = (
			);
			runOnlyForDeploymentPostprocessing = 1;
		};
		C8946935227917D000882146 /* CopyFiles */ = {
			isa = PBXCopyFilesBuildPhase;
			buildActionMask = 2147483647;
			dstPath = /usr/share/man/man1/;
			dstSubfolderSpec = 0;
			files = (
			);
			runOnlyForDeploymentPostprocessing = 1;
		};
		C8AB20AD222D5361000FED0D /* CopyFiles */ = {
			isa = PBXCopyFilesBuildPhase;
			buildActionMask = 2147483647;
			dstPath = /usr/share/man/man1/;
			dstSubfolderSpec = 0;
			files = (
			);
			runOnlyForDeploymentPostprocessing = 1;
		};
/* End PBXCopyFilesBuildPhase section */

/* Begin PBXFileReference section */
		C80FB42122836D3A00D32C73 /* class-08 */ = {isa = PBXFileReference; explicitFileType = "compiled.mach-o.executable"; includeInIndex = 0; path = "class-08"; sourceTree = BUILT_PRODUCTS_DIR; };
		C80FB42322836D3A00D32C73 /* main.cpp */ = {isa = PBXFileReference; lastKnownFileType = sourcecode.cpp.cpp; path = main.cpp; sourceTree = "<group>"; };
		C80FB42822836D8C00D32C73 /* particionamento.hpp */ = {isa = PBXFileReference; fileEncoding = 4; lastKnownFileType = sourcecode.cpp.h; path = particionamento.hpp; sourceTree = "<group>"; };
		C80FB42922836D8C00D32C73 /* selecao.hpp */ = {isa = PBXFileReference; fileEncoding = 4; lastKnownFileType = sourcecode.cpp.h; path = selecao.hpp; sourceTree = "<group>"; };
		C80FB42A22836D8C00D32C73 /* particionamento.cpp */ = {isa = PBXFileReference; fileEncoding = 4; lastKnownFileType = sourcecode.cpp.cpp; path = particionamento.cpp; sourceTree = "<group>"; };
		C80FB42B22836D8C00D32C73 /* enum.hpp */ = {isa = PBXFileReference; fileEncoding = 4; lastKnownFileType = sourcecode.cpp.h; path = enum.hpp; sourceTree = "<group>"; };
		C80FB42C22836D8C00D32C73 /* selecao.cpp */ = {isa = PBXFileReference; fileEncoding = 4; lastKnownFileType = sourcecode.cpp.cpp; path = selecao.cpp; sourceTree = "<group>"; };
		C80FB42D22836D8C00D32C73 /* to_string.hpp */ = {isa = PBXFileReference; fileEncoding = 4; lastKnownFileType = sourcecode.cpp.h; path = to_string.hpp; sourceTree = "<group>"; };
		C80FB42E22836D8C00D32C73 /* array_helper.hpp */ = {isa = PBXFileReference; fileEncoding = 4; lastKnownFileType = sourcecode.cpp.h; path = array_helper.hpp; sourceTree = "<group>"; };
		C80FB42F22836D8C00D32C73 /* array_helper.cpp */ = {isa = PBXFileReference; fileEncoding = 4; lastKnownFileType = sourcecode.cpp.cpp; path = array_helper.cpp; sourceTree = "<group>"; };
		C80FB43022836D8C00D32C73 /* quicksort.cpp */ = {isa = PBXFileReference; fileEncoding = 4; lastKnownFileType = sourcecode.cpp.cpp; path = quicksort.cpp; sourceTree = "<group>"; };
		C80FB43222836D8C00D32C73 /* class-08-complement-BFRPT-algorithm.pdf */ = {isa = PBXFileReference; lastKnownFileType = image.pdf; path = "class-08-complement-BFRPT-algorithm.pdf"; sourceTree = "<group>"; };
		C80FB43322836D8C00D32C73 /* Icon */ = {isa = PBXFileReference; fileEncoding = 4; lastKnownFileType = text; path = "Icon"; sourceTree = "<group>"; };
		C80FB43422836D8C00D32C73 /* class-08-pictures.pdf */ = {isa = PBXFileReference; lastKnownFileType = image.pdf; path = "class-08-pictures.pdf"; sourceTree = "<group>"; };
		C80FB43522836D8C00D32C73 /* quicksort.hpp */ = {isa = PBXFileReference; fileEncoding = 4; lastKnownFileType = sourcecode.cpp.h; path = quicksort.hpp; sourceTree = "<group>"; };
		C80FB44C22836E2400D32C73 /* class-11 */ = {isa = PBXFileReference; explicitFileType = "compiled.mach-o.executable"; includeInIndex = 0; path = "class-11"; sourceTree = BUILT_PRODUCTS_DIR; };
		C80FB44E22836E2500D32C73 /* main.cpp */ = {isa = PBXFileReference; lastKnownFileType = sourcecode.cpp.cpp; path = main.cpp; sourceTree = "<group>"; };
		C80FB46322836EFF00D32C73 /* class-09 */ = {isa = PBXFileReference; explicitFileType = "compiled.mach-o.executable"; includeInIndex = 0; path = "class-09"; sourceTree = BUILT_PRODUCTS_DIR; };
		C80FB46522836F0000D32C73 /* main.cpp */ = {isa = PBXFileReference; lastKnownFileType = sourcecode.cpp.cpp; path = main.cpp; sourceTree = "<group>"; };
		C80FB46A22836F3800D32C73 /* quicksort.cpp */ = {isa = PBXFileReference; fileEncoding = 4; lastKnownFileType = sourcecode.cpp.cpp; path = quicksort.cpp; sourceTree = "<group>"; };
		C80FB46B22836F3800D32C73 /* particionamento.hpp */ = {isa = PBXFileReference; fileEncoding = 4; lastKnownFileType = sourcecode.cpp.h; path = particionamento.hpp; sourceTree = "<group>"; };
		C80FB46C22836F3800D32C73 /* particionamento.cpp */ = {isa = PBXFileReference; fileEncoding = 4; lastKnownFileType = sourcecode.cpp.cpp; path = particionamento.cpp; sourceTree = "<group>"; };
		C80FB46D22836F3800D32C73 /* enum.hpp */ = {isa = PBXFileReference; fileEncoding = 4; lastKnownFileType = sourcecode.cpp.h; path = enum.hpp; sourceTree = "<group>"; };
		C80FB46E22836F3800D32C73 /* quicksort.hpp */ = {isa = PBXFileReference; fileEncoding = 4; lastKnownFileType = sourcecode.cpp.h; path = quicksort.hpp; sourceTree = "<group>"; };
		C80FB46F22836F3800D32C73 /* array_helper.hpp */ = {isa = PBXFileReference; fileEncoding = 4; lastKnownFileType = sourcecode.cpp.h; path = array_helper.hpp; sourceTree = "<group>"; };
		C80FB47022836F3800D32C73 /* selecao.cpp */ = {isa = PBXFileReference; fileEncoding = 4; lastKnownFileType = sourcecode.cpp.cpp; path = selecao.cpp; sourceTree = "<group>"; };
		C80FB47222836F3800D32C73 /* class-09-pictures.pdf */ = {isa = PBXFileReference; lastKnownFileType = image.pdf; path = "class-09-pictures.pdf"; sourceTree = "<group>"; };
		C80FB47322836F3800D32C73 /* selecao.hpp */ = {isa = PBXFileReference; fileEncoding = 4; lastKnownFileType = sourcecode.cpp.h; path = selecao.hpp; sourceTree = "<group>"; };
		C80FB47422836F3800D32C73 /* array_helper.cpp */ = {isa = PBXFileReference; fileEncoding = 4; lastKnownFileType = sourcecode.cpp.cpp; path = array_helper.cpp; sourceTree = "<group>"; };
		C80FB47B22836F8100D32C73 /* Icon */ = {isa = PBXFileReference; fileEncoding = 4; lastKnownFileType = text; path = "Icon"; sourceTree = "<group>"; };
		C80FB47C22836F8100D32C73 /* class-11-pictures.pdf */ = {isa = PBXFileReference; lastKnownFileType = image.pdf; path = "class-11-pictures.pdf"; sourceTree = "<group>"; };
		C80FB485228371C100D32C73 /* quicksort-variations */ = {isa = PBXFileReference; explicitFileType = "compiled.mach-o.executable"; includeInIndex = 0; path = "quicksort-variations"; sourceTree = BUILT_PRODUCTS_DIR; };
		C80FB487228371C100D32C73 /* main.cpp */ = {isa = PBXFileReference; lastKnownFileType = sourcecode.cpp.cpp; path = main.cpp; sourceTree = "<group>"; };
		C80FB48C228371F000D32C73 /* table_printer.cpp */ = {isa = PBXFileReference; fileEncoding = 4; lastKnownFileType = sourcecode.cpp.cpp; path = table_printer.cpp; sourceTree = "<group>"; };
		C80FB48D228371F100D32C73 /* table_printer.h */ = {isa = PBXFileReference; fileEncoding = 4; lastKnownFileType = sourcecode.c.h; path = table_printer.h; sourceTree = "<group>"; };
		C80FB48E228371F100D32C73 /* table_printer.tpp.h */ = {isa = PBXFileReference; fileEncoding = 4; lastKnownFileType = sourcecode.c.h; path = table_printer.tpp.h; sourceTree = "<group>"; };
		C80FB491228371F100D32C73 /* quicksort-variations-specification.pdf */ = {isa = PBXFileReference; lastKnownFileType = image.pdf; path = "quicksort-variations-specification.pdf"; sourceTree = "<group>"; };
		C80FB492228371F100D32C73 /* partition.cpp */ = {isa = PBXFileReference; fileEncoding = 4; lastKnownFileType = sourcecode.cpp.cpp; path = partition.cpp; sourceTree = "<group>"; };
		C80FB493228371F100D32C73 /* selection.cpp */ = {isa = PBXFileReference; fileEncoding = 4; lastKnownFileType = sourcecode.cpp.cpp; path = selection.cpp; sourceTree = "<group>"; };
		C80FB494228371F100D32C73 /* array_helper.hpp */ = {isa = PBXFileReference; fileEncoding = 4; lastKnownFileType = sourcecode.cpp.h; path = array_helper.hpp; sourceTree = "<group>"; };
		C80FB495228371F100D32C73 /* quicksort.cpp */ = {isa = PBXFileReference; fileEncoding = 4; lastKnownFileType = sourcecode.cpp.cpp; path = quicksort.cpp; sourceTree = "<group>"; };
		C80FB496228371F100D32C73 /* enum.hpp */ = {isa = PBXFileReference; fileEncoding = 4; lastKnownFileType = sourcecode.cpp.h; path = enum.hpp; sourceTree = "<group>"; };
		C80FB497228371F100D32C73 /* console_helper.hpp */ = {isa = PBXFileReference; fileEncoding = 4; lastKnownFileType = sourcecode.cpp.h; path = console_helper.hpp; sourceTree = "<group>"; };
		C80FB498228371F100D32C73 /* array_helper.cpp */ = {isa = PBXFileReference; fileEncoding = 4; lastKnownFileType = sourcecode.cpp.cpp; path = array_helper.cpp; sourceTree = "<group>"; };
		C80FB499228371F100D32C73 /* partition.hpp */ = {isa = PBXFileReference; fileEncoding = 4; lastKnownFileType = sourcecode.cpp.h; path = partition.hpp; sourceTree = "<group>"; };
		C80FB49A228371F100D32C73 /* selection.hpp */ = {isa = PBXFileReference; fileEncoding = 4; lastKnownFileType = sourcecode.cpp.h; path = selection.hpp; sourceTree = "<group>"; };
		C80FB49B228371F100D32C73 /* quicksort.hpp */ = {isa = PBXFileReference; fileEncoding = 4; lastKnownFileType = sourcecode.cpp.h; path = quicksort.hpp; sourceTree = "<group>"; };
		C80FB49C228371F100D32C73 /* instancias_ruins_Quicksort.hpp */ = {isa = PBXFileReference; fileEncoding = 4; lastKnownFileType = sourcecode.cpp.h; path = instancias_ruins_Quicksort.hpp; sourceTree = "<group>"; };
		C80FB49D228371F100D32C73 /* console_helper.cpp */ = {isa = PBXFileReference; fileEncoding = 4; lastKnownFileType = sourcecode.cpp.cpp; path = console_helper.cpp; sourceTree = "<group>"; };
		C8150CFD2236FBB900CCAB2D /* class-04 */ = {isa = PBXFileReference; explicitFileType = "compiled.mach-o.executable"; includeInIndex = 0; path = "class-04"; sourceTree = BUILT_PRODUCTS_DIR; };
		C8150D042236FBF400CCAB2D /* class-04-pictures.pdf */ = {isa = PBXFileReference; lastKnownFileType = image.pdf; path = "class-04-pictures.pdf"; sourceTree = "<group>"; };
		C8150D052236FBF400CCAB2D /* main.cpp */ = {isa = PBXFileReference; fileEncoding = 4; lastKnownFileType = sourcecode.cpp.cpp; path = main.cpp; sourceTree = "<group>"; };
		C8150D0B2236FC1900CCAB2D /* class-05 */ = {isa = PBXFileReference; explicitFileType = "compiled.mach-o.executable"; includeInIndex = 0; path = "class-05"; sourceTree = BUILT_PRODUCTS_DIR; };
		C8150D122236FC3900CCAB2D /* main.cpp */ = {isa = PBXFileReference; fileEncoding = 4; lastKnownFileType = sourcecode.cpp.cpp; path = main.cpp; sourceTree = "<group>"; };
		C8257B2F22398EC30010DE47 /* class-05-pictures.pdf */ = {isa = PBXFileReference; lastKnownFileType = image.pdf; path = "class-05-pictures.pdf"; sourceTree = "<group>"; };
		C8257B352239A9400010DE47 /* class-06 */ = {isa = PBXFileReference; explicitFileType = "compiled.mach-o.executable"; includeInIndex = 0; path = "class-06"; sourceTree = BUILT_PRODUCTS_DIR; };
		C8264E8B2240273D002E006E /* class-07 */ = {isa = PBXFileReference; explicitFileType = "compiled.mach-o.executable"; includeInIndex = 0; path = "class-07"; sourceTree = BUILT_PRODUCTS_DIR; };
		C8264E8D2240273D002E006E /* main.cpp */ = {isa = PBXFileReference; lastKnownFileType = sourcecode.cpp.cpp; path = main.cpp; sourceTree = "<group>"; };
		C8264E92224027B8002E006E /* class-06-pictures.pdf */ = {isa = PBXFileReference; lastKnownFileType = image.pdf; path = "class-06-pictures.pdf"; sourceTree = "<group>"; };
		C8264E93224027D9002E006E /* main.cpp */ = {isa = PBXFileReference; fileEncoding = 4; lastKnownFileType = sourcecode.cpp.cpp; path = main.cpp; sourceTree = "<group>"; tabWidth = 4; usesTabs = 1; };
		C8567193222D561A0015EDB3 /* class-02 */ = {isa = PBXFileReference; explicitFileType = "compiled.mach-o.executable"; includeInIndex = 0; path = "class-02"; sourceTree = BUILT_PRODUCTS_DIR; };
		C856719A222D563E0015EDB3 /* class-02-exercises.pdf */ = {isa = PBXFileReference; lastKnownFileType = image.pdf; path = "class-02-exercises.pdf"; sourceTree = "<group>"; };
		C856719B222D563E0015EDB3 /* main.cpp */ = {isa = PBXFileReference; fileEncoding = 4; lastKnownFileType = sourcecode.cpp.cpp; path = main.cpp; sourceTree = "<group>"; };
		C856719C222D563E0015EDB3 /* class-02-pictures.pdf */ = {isa = PBXFileReference; lastKnownFileType = image.pdf; path = "class-02-pictures.pdf"; sourceTree = "<group>"; };
		C85671A2222D56570015EDB3 /* class-03 */ = {isa = PBXFileReference; explicitFileType = "compiled.mach-o.executable"; includeInIndex = 0; path = "class-03"; sourceTree = BUILT_PRODUCTS_DIR; };
		C85671A9222D56690015EDB3 /* class-03-exercises.pdf */ = {isa = PBXFileReference; lastKnownFileType = image.pdf; path = "class-03-exercises.pdf"; sourceTree = "<group>"; };
		C85671AA222D56690015EDB3 /* main.cpp */ = {isa = PBXFileReference; fileEncoding = 4; lastKnownFileType = sourcecode.cpp.cpp; path = main.cpp; sourceTree = "<group>"; };
		C85671AB222D56690015EDB3 /* class-03-pictures.pdf */ = {isa = PBXFileReference; lastKnownFileType = image.pdf; path = "class-03-pictures.pdf"; sourceTree = "<group>"; };
		C86499C12289093300E06FD8 /* instancias_Reais_Trabalho_2.hpp */ = {isa = PBXFileReference; fileEncoding = 4; lastKnownFileType = sourcecode.cpp.h; path = instancias_Reais_Trabalho_2.hpp; sourceTree = "<group>"; };
		C8708983228778F30092C029 /* class-01 */ = {isa = PBXFileReference; explicitFileType = "compiled.mach-o.executable"; includeInIndex = 0; path = "class-01"; sourceTree = BUILT_PRODUCTS_DIR; };
		C8708985228778F30092C029 /* main.cpp */ = {isa = PBXFileReference; lastKnownFileType = sourcecode.cpp.cpp; path = main.cpp; sourceTree = "<group>"; };
		C870898E2287790B0092C029 /* class-10 */ = {isa = PBXFileReference; explicitFileType = "compiled.mach-o.executable"; includeInIndex = 0; path = "class-10"; sourceTree = BUILT_PRODUCTS_DIR; };
		C87089902287790B0092C029 /* main.cpp */ = {isa = PBXFileReference; lastKnownFileType = sourcecode.cpp.cpp; path = main.cpp; sourceTree = "<group>"; };
		C870899622877A310092C029 /* class-01-pictures.pdf */ = {isa = PBXFileReference; lastKnownFileType = image.pdf; path = "class-01-pictures.pdf"; sourceTree = "<group>"; };
		C870899B22877AEC0092C029 /* class-16 */ = {isa = PBXFileReference; explicitFileType = "compiled.mach-o.executable"; includeInIndex = 0; path = "class-16"; sourceTree = BUILT_PRODUCTS_DIR; };
		C870899D22877AEC0092C029 /* main.cpp */ = {isa = PBXFileReference; lastKnownFileType = sourcecode.cpp.cpp; path = main.cpp; sourceTree = "<group>"; };
		C87089A622877B140092C029 /* class-17 */ = {isa = PBXFileReference; explicitFileType = "compiled.mach-o.executable"; includeInIndex = 0; path = "class-17"; sourceTree = BUILT_PRODUCTS_DIR; };
		C87089A822877B140092C029 /* main.cpp */ = {isa = PBXFileReference; lastKnownFileType = sourcecode.cpp.cpp; path = main.cpp; sourceTree = "<group>"; };
		C87089B022877BCC0092C029 /* class-16-pictures.pdf */ = {isa = PBXFileReference; lastKnownFileType = image.pdf; path = "class-16-pictures.pdf"; sourceTree = "<group>"; };
		C87089B122877BD60092C029 /* class-17-pictures.pdf */ = {isa = PBXFileReference; lastKnownFileType = image.pdf; path = "class-17-pictures.pdf"; sourceTree = "<group>"; };
		C87089B42288DDC10092C029 /* array_helper.cpp */ = {isa = PBXFileReference; lastKnownFileType = sourcecode.cpp.cpp; path = array_helper.cpp; sourceTree = "<group>"; };
		C87089B52288DDC10092C029 /* array_helper.hpp */ = {isa = PBXFileReference; lastKnownFileType = sourcecode.cpp.h; path = array_helper.hpp; sourceTree = "<group>"; };
		C87089B82288E2A40092C029 /* enum.hpp */ = {isa = PBXFileReference; lastKnownFileType = sourcecode.cpp.h; path = enum.hpp; sourceTree = "<group>"; };
		C87089B92288E3BF0092C029 /* search.cpp */ = {isa = PBXFileReference; lastKnownFileType = sourcecode.cpp.cpp; path = search.cpp; sourceTree = "<group>"; };
		C87089BA2288E3BF0092C029 /* search.hpp */ = {isa = PBXFileReference; lastKnownFileType = sourcecode.cpp.h; path = search.hpp; sourceTree = "<group>"; };
		C88FD87F22449DBA00CF6A8D /* selecoes.cpp */ = {isa = PBXFileReference; lastKnownFileType = sourcecode.cpp.cpp; path = selecoes.cpp; sourceTree = "<group>"; };
		C88FD88022449DBA00CF6A8D /* selecoes.hpp */ = {isa = PBXFileReference; lastKnownFileType = sourcecode.cpp.h; path = selecoes.hpp; sourceTree = "<group>"; };
		C88FD8832244A04900CF6A8D /* particoes.cpp */ = {isa = PBXFileReference; fileEncoding = 4; lastKnownFileType = sourcecode.cpp.cpp; path = particoes.cpp; sourceTree = "<group>"; };
		C88FD8842244A04900CF6A8D /* particoes.hpp */ = {isa = PBXFileReference; fileEncoding = 4; lastKnownFileType = sourcecode.cpp.h; path = particoes.hpp; sourceTree = "<group>"; };
		C88FD8862244A0B100CF6A8D /* class-07-pictures.pdf */ = {isa = PBXFileReference; lastKnownFileType = image.pdf; path = "class-07-pictures.pdf"; sourceTree = "<group>"; };
		C88FD8872244A35D00CF6A8D /* array_helper.cpp */ = {isa = PBXFileReference; fileEncoding = 4; lastKnownFileType = sourcecode.cpp.cpp; path = array_helper.cpp; sourceTree = "<group>"; };
		C88FD8882244A35E00CF6A8D /* array_helper.hpp */ = {isa = PBXFileReference; fileEncoding = 4; lastKnownFileType = sourcecode.cpp.h; path = array_helper.hpp; sourceTree = "<group>"; };
		C88FD88A224597BB00CF6A8D /* quicksorts.hpp */ = {isa = PBXFileReference; fileEncoding = 4; lastKnownFileType = sourcecode.cpp.h; path = quicksorts.hpp; sourceTree = "<group>"; };
		C88FD88B224597BB00CF6A8D /* quicksorts.cpp */ = {isa = PBXFileReference; fileEncoding = 4; lastKnownFileType = sourcecode.cpp.cpp; path = quicksorts.cpp; sourceTree = "<group>"; };
		C894690B2279179B00882146 /* class-12 */ = {isa = PBXFileReference; explicitFileType = "compiled.mach-o.executable"; includeInIndex = 0; path = "class-12"; sourceTree = BUILT_PRODUCTS_DIR; };
		C8946916227917A100882146 /* class-13 */ = {isa = PBXFileReference; explicitFileType = "compiled.mach-o.executable"; includeInIndex = 0; path = "class-13"; sourceTree = BUILT_PRODUCTS_DIR; };
		C8946918227917A200882146 /* main.cpp */ = {isa = PBXFileReference; lastKnownFileType = sourcecode.cpp.cpp; path = main.cpp; sourceTree = "<group>"; };
		C8946921227917AB00882146 /* class-14 */ = {isa = PBXFileReference; explicitFileType = "compiled.mach-o.executable"; includeInIndex = 0; path = "class-14"; sourceTree = BUILT_PRODUCTS_DIR; };
		C8946923227917AB00882146 /* main.cpp */ = {isa = PBXFileReference; lastKnownFileType = sourcecode.cpp.cpp; path = main.cpp; sourceTree = "<group>"; };
		C894692C227917B200882146 /* class-15 */ = {isa = PBXFileReference; explicitFileType = "compiled.mach-o.executable"; includeInIndex = 0; path = "class-15"; sourceTree = BUILT_PRODUCTS_DIR; };
		C894692E227917B200882146 /* main.cpp */ = {isa = PBXFileReference; lastKnownFileType = sourcecode.cpp.cpp; path = main.cpp; sourceTree = "<group>"; };
		C8946937227917D000882146 /* pattern-search */ = {isa = PBXFileReference; explicitFileType = "compiled.mach-o.executable"; includeInIndex = 0; path = "pattern-search"; sourceTree = BUILT_PRODUCTS_DIR; };
		C8946939227917D000882146 /* main.cpp */ = {isa = PBXFileReference; lastKnownFileType = sourcecode.cpp.cpp; path = main.cpp; sourceTree = "<group>"; };
		C8946945227918C800882146 /* class-12-pictures.pdf */ = {isa = PBXFileReference; lastKnownFileType = image.pdf; path = "class-12-pictures.pdf"; sourceTree = "<group>"; };
		C8946948227918CF00882146 /* class-13-pictures.pdf */ = {isa = PBXFileReference; lastKnownFileType = image.pdf; path = "class-13-pictures.pdf"; sourceTree = "<group>"; };
		C894694B227918D600882146 /* class-14-pictures.pdf */ = {isa = PBXFileReference; lastKnownFileType = image.pdf; path = "class-14-pictures.pdf"; sourceTree = "<group>"; };
		C894694E227918E000882146 /* class-15-pictures.pdf */ = {isa = PBXFileReference; lastKnownFileType = image.pdf; path = "class-15-pictures.pdf"; sourceTree = "<group>"; };
		C8946951227918EA00882146 /* pattern-search-specification.pdf */ = {isa = PBXFileReference; lastKnownFileType = image.pdf; path = "pattern-search-specification.pdf"; sourceTree = "<group>"; };
		C894695222791A8600882146 /* README.md */ = {isa = PBXFileReference; lastKnownFileType = net.daringfireball.markdown; path = README.md; sourceTree = "<group>"; };
		C894695522792C8E00882146 /* main.cpp */ = {isa = PBXFileReference; lastKnownFileType = sourcecode.cpp.cpp; path = main.cpp; sourceTree = "<group>"; };
		C8AB20AF222D5361000FED0D /* lab-programacao */ = {isa = PBXFileReference; explicitFileType = "compiled.mach-o.executable"; includeInIndex = 0; path = "lab-programacao"; sourceTree = BUILT_PRODUCTS_DIR; };
		C8D6DC0222415007006082F2 /* array_helper.cpp */ = {isa = PBXFileReference; lastKnownFileType = sourcecode.cpp.cpp; path = array_helper.cpp; sourceTree = "<group>"; };
		C8D6DC0422415185006082F2 /* array_helper.hpp */ = {isa = PBXFileReference; lastKnownFileType = sourcecode.cpp.h; path = array_helper.hpp; sourceTree = "<group>"; };
		C8D6DC082241560B006082F2 /* particoes.cpp */ = {isa = PBXFileReference; lastKnownFileType = sourcecode.cpp.cpp; path = particoes.cpp; sourceTree = "<group>"; };
		C8D6DC092241560B006082F2 /* particoes.hpp */ = {isa = PBXFileReference; lastKnownFileType = sourcecode.cpp.h; path = particoes.hpp; sourceTree = "<group>"; };
		C8D6DC0B224159D9006082F2 /* quicksorts.cpp */ = {isa = PBXFileReference; lastKnownFileType = sourcecode.cpp.cpp; path = quicksorts.cpp; sourceTree = "<group>"; };
		C8D6DC0C224159D9006082F2 /* quicksorts.hpp */ = {isa = PBXFileReference; lastKnownFileType = sourcecode.cpp.h; path = quicksorts.hpp; sourceTree = "<group>"; };
/* End PBXFileReference section */

/* Begin PBXFrameworksBuildPhase section */
		C80FB41E22836D3A00D32C73 /* Frameworks */ = {
			isa = PBXFrameworksBuildPhase;
			buildActionMask = 2147483647;
			files = (
			);
			runOnlyForDeploymentPostprocessing = 0;
		};
		C80FB44922836E2400D32C73 /* Frameworks */ = {
			isa = PBXFrameworksBuildPhase;
			buildActionMask = 2147483647;
			files = (
			);
			runOnlyForDeploymentPostprocessing = 0;
		};
		C80FB46022836EFF00D32C73 /* Frameworks */ = {
			isa = PBXFrameworksBuildPhase;
			buildActionMask = 2147483647;
			files = (
			);
			runOnlyForDeploymentPostprocessing = 0;
		};
		C80FB482228371C100D32C73 /* Frameworks */ = {
			isa = PBXFrameworksBuildPhase;
			buildActionMask = 2147483647;
			files = (
			);
			runOnlyForDeploymentPostprocessing = 0;
		};
		C8150CFA2236FBB900CCAB2D /* Frameworks */ = {
			isa = PBXFrameworksBuildPhase;
			buildActionMask = 2147483647;
			files = (
			);
			runOnlyForDeploymentPostprocessing = 0;
		};
		C8150D082236FC1900CCAB2D /* Frameworks */ = {
			isa = PBXFrameworksBuildPhase;
			buildActionMask = 2147483647;
			files = (
			);
			runOnlyForDeploymentPostprocessing = 0;
		};
		C8257B322239A9400010DE47 /* Frameworks */ = {
			isa = PBXFrameworksBuildPhase;
			buildActionMask = 2147483647;
			files = (
			);
			runOnlyForDeploymentPostprocessing = 0;
		};
		C8264E882240273D002E006E /* Frameworks */ = {
			isa = PBXFrameworksBuildPhase;
			buildActionMask = 2147483647;
			files = (
			);
			runOnlyForDeploymentPostprocessing = 0;
		};
		C8567190222D561A0015EDB3 /* Frameworks */ = {
			isa = PBXFrameworksBuildPhase;
			buildActionMask = 2147483647;
			files = (
			);
			runOnlyForDeploymentPostprocessing = 0;
		};
		C856719F222D56570015EDB3 /* Frameworks */ = {
			isa = PBXFrameworksBuildPhase;
			buildActionMask = 2147483647;
			files = (
			);
			runOnlyForDeploymentPostprocessing = 0;
		};
		C8708980228778F30092C029 /* Frameworks */ = {
			isa = PBXFrameworksBuildPhase;
			buildActionMask = 2147483647;
			files = (
			);
			runOnlyForDeploymentPostprocessing = 0;
		};
		C870898B2287790B0092C029 /* Frameworks */ = {
			isa = PBXFrameworksBuildPhase;
			buildActionMask = 2147483647;
			files = (
			);
			runOnlyForDeploymentPostprocessing = 0;
		};
		C870899822877AEC0092C029 /* Frameworks */ = {
			isa = PBXFrameworksBuildPhase;
			buildActionMask = 2147483647;
			files = (
			);
			runOnlyForDeploymentPostprocessing = 0;
		};
		C87089A322877B140092C029 /* Frameworks */ = {
			isa = PBXFrameworksBuildPhase;
			buildActionMask = 2147483647;
			files = (
			);
			runOnlyForDeploymentPostprocessing = 0;
		};
		C89469082279179B00882146 /* Frameworks */ = {
			isa = PBXFrameworksBuildPhase;
			buildActionMask = 2147483647;
			files = (
			);
			runOnlyForDeploymentPostprocessing = 0;
		};
		C8946913227917A100882146 /* Frameworks */ = {
			isa = PBXFrameworksBuildPhase;
			buildActionMask = 2147483647;
			files = (
			);
			runOnlyForDeploymentPostprocessing = 0;
		};
		C894691E227917AB00882146 /* Frameworks */ = {
			isa = PBXFrameworksBuildPhase;
			buildActionMask = 2147483647;
			files = (
			);
			runOnlyForDeploymentPostprocessing = 0;
		};
		C8946929227917B200882146 /* Frameworks */ = {
			isa = PBXFrameworksBuildPhase;
			buildActionMask = 2147483647;
			files = (
			);
			runOnlyForDeploymentPostprocessing = 0;
		};
		C8946934227917D000882146 /* Frameworks */ = {
			isa = PBXFrameworksBuildPhase;
			buildActionMask = 2147483647;
			files = (
			);
			runOnlyForDeploymentPostprocessing = 0;
		};
		C8AB20AC222D5361000FED0D /* Frameworks */ = {
			isa = PBXFrameworksBuildPhase;
			buildActionMask = 2147483647;
			files = (
			);
			runOnlyForDeploymentPostprocessing = 0;
		};
/* End PBXFrameworksBuildPhase section */

/* Begin PBXGroup section */
		C80FB42222836D3A00D32C73 /* class-08 */ = {
			isa = PBXGroup;
			children = (
				C80FB42322836D3A00D32C73 /* main.cpp */,
				C80FB42C22836D8C00D32C73 /* selecao.cpp */,
				C80FB43022836D8C00D32C73 /* quicksort.cpp */,
				C80FB42F22836D8C00D32C73 /* array_helper.cpp */,
				C80FB42A22836D8C00D32C73 /* particionamento.cpp */,
				C80FB45322836E4D00D32C73 /* headers */,
				C80FB43122836D8C00D32C73 /* pictures */,
			);
			path = "class-08";
			sourceTree = "<group>";
		};
		C80FB43122836D8C00D32C73 /* pictures */ = {
			isa = PBXGroup;
			children = (
				C80FB43222836D8C00D32C73 /* class-08-complement-BFRPT-algorithm.pdf */,
				C80FB43322836D8C00D32C73 /* Icon */,
				C80FB43422836D8C00D32C73 /* class-08-pictures.pdf */,
			);
			path = pictures;
			sourceTree = "<group>";
		};
		C80FB44D22836E2500D32C73 /* class-11 */ = {
			isa = PBXGroup;
			children = (
				C80FB44E22836E2500D32C73 /* main.cpp */,
				C80FB47A22836F8100D32C73 /* pictures */,
			);
			path = "class-11";
			sourceTree = "<group>";
		};
		C80FB45322836E4D00D32C73 /* headers */ = {
			isa = PBXGroup;
			children = (
				C80FB42B22836D8C00D32C73 /* enum.hpp */,
				C80FB42922836D8C00D32C73 /* selecao.hpp */,
				C80FB43522836D8C00D32C73 /* quicksort.hpp */,
				C80FB42D22836D8C00D32C73 /* to_string.hpp */,
				C80FB42E22836D8C00D32C73 /* array_helper.hpp */,
				C80FB42822836D8C00D32C73 /* particionamento.hpp */,
			);
			name = headers;
			sourceTree = "<group>";
		};
		C80FB46422836F0000D32C73 /* class-09 */ = {
			isa = PBXGroup;
			children = (
				C80FB46522836F0000D32C73 /* main.cpp */,
				C80FB47022836F3800D32C73 /* selecao.cpp */,
				C80FB46A22836F3800D32C73 /* quicksort.cpp */,
				C80FB47422836F3800D32C73 /* array_helper.cpp */,
				C80FB46C22836F3800D32C73 /* particionamento.cpp */,
				C80FB47922836F4700D32C73 /* headers */,
				C80FB47122836F3800D32C73 /* pictures */,
			);
			path = "class-09";
			sourceTree = "<group>";
		};
		C80FB47122836F3800D32C73 /* pictures */ = {
			isa = PBXGroup;
			children = (
				C80FB47222836F3800D32C73 /* class-09-pictures.pdf */,
			);
			path = pictures;
			sourceTree = "<group>";
		};
		C80FB47922836F4700D32C73 /* headers */ = {
			isa = PBXGroup;
			children = (
				C80FB46D22836F3800D32C73 /* enum.hpp */,
				C80FB47322836F3800D32C73 /* selecao.hpp */,
				C80FB46E22836F3800D32C73 /* quicksort.hpp */,
				C80FB46F22836F3800D32C73 /* array_helper.hpp */,
				C80FB46B22836F3800D32C73 /* particionamento.hpp */,
			);
			name = headers;
			sourceTree = "<group>";
		};
		C80FB47A22836F8100D32C73 /* pictures */ = {
			isa = PBXGroup;
			children = (
				C80FB47B22836F8100D32C73 /* Icon */,
				C80FB47C22836F8100D32C73 /* class-11-pictures.pdf */,
			);
			path = pictures;
			sourceTree = "<group>";
		};
		C80FB47D2283700500D32C73 /* pictures */ = {
			isa = PBXGroup;
			children = (
				C856719A222D563E0015EDB3 /* class-02-exercises.pdf */,
				C856719C222D563E0015EDB3 /* class-02-pictures.pdf */,
			);
			path = pictures;
			sourceTree = "<group>";
		};
		C80FB47E2283701800D32C73 /* pictures */ = {
			isa = PBXGroup;
			children = (
				C85671A9222D56690015EDB3 /* class-03-exercises.pdf */,
				C85671AB222D56690015EDB3 /* class-03-pictures.pdf */,
			);
			path = pictures;
			sourceTree = "<group>";
		};
		C80FB47F2283702700D32C73 /* pictures */ = {
			isa = PBXGroup;
			children = (
				C8150D042236FBF400CCAB2D /* class-04-pictures.pdf */,
			);
			path = pictures;
			sourceTree = "<group>";
		};
		C80FB4802283703200D32C73 /* pictures */ = {
			isa = PBXGroup;
			children = (
				C8257B2F22398EC30010DE47 /* class-05-pictures.pdf */,
			);
			path = pictures;
			sourceTree = "<group>";
		};
		C80FB486228371C100D32C73 /* quicksort-variations */ = {
			isa = PBXGroup;
			children = (
				C80FB487228371C100D32C73 /* main.cpp */,
				C80FB492228371F100D32C73 /* partition.cpp */,
				C80FB493228371F100D32C73 /* selection.cpp */,
				C80FB495228371F100D32C73 /* quicksort.cpp */,
				C80FB4A52283729300D32C73 /* helpers */,
				C80FB4A42283724F00D32C73 /* headers */,
				C80FB4A72283731300D32C73 /* libs */,
				C80FB48F228371F100D32C73 /* pictures */,
			);
			path = "quicksort-variations";
			sourceTree = "<group>";
		};
		C80FB48F228371F100D32C73 /* pictures */ = {
			isa = PBXGroup;
			children = (
				C80FB491228371F100D32C73 /* quicksort-variations-specification.pdf */,
			);
			path = pictures;
			sourceTree = "<group>";
		};
		C80FB4A42283724F00D32C73 /* headers */ = {
			isa = PBXGroup;
			children = (
				C80FB496228371F100D32C73 /* enum.hpp */,
				C80FB499228371F100D32C73 /* partition.hpp */,
				C80FB49A228371F100D32C73 /* selection.hpp */,
				C80FB49B228371F100D32C73 /* quicksort.hpp */,
				C80FB494228371F100D32C73 /* array_helper.hpp */,
				C80FB497228371F100D32C73 /* console_helper.hpp */,
			);
			name = headers;
			sourceTree = "<group>";
		};
		C80FB4A52283729300D32C73 /* helpers */ = {
			isa = PBXGroup;
			children = (
				C80FB498228371F100D32C73 /* array_helper.cpp */,
				C80FB49D228371F100D32C73 /* console_helper.cpp */,
			);
			name = helpers;
			sourceTree = "<group>";
		};
		C80FB4A72283731300D32C73 /* libs */ = {
			isa = PBXGroup;
			children = (
				C80FB48C228371F000D32C73 /* table_printer.cpp */,
				C80FB48D228371F100D32C73 /* table_printer.h */,
				C80FB48E228371F100D32C73 /* table_printer.tpp.h */,
				C80FB49C228371F100D32C73 /* instancias_ruins_Quicksort.hpp */,
			);
			name = libs;
			sourceTree = "<group>";
		};
		C8150CFE2236FBB900CCAB2D /* class-04 */ = {
			isa = PBXGroup;
			children = (
				C8150D052236FBF400CCAB2D /* main.cpp */,
				C80FB47F2283702700D32C73 /* pictures */,
			);
			path = "class-04";
			sourceTree = "<group>";
		};
		C8150D0C2236FC1900CCAB2D /* class-05 */ = {
			isa = PBXGroup;
			children = (
				C8150D122236FC3900CCAB2D /* main.cpp */,
				C80FB4802283703200D32C73 /* pictures */,
			);
			path = "class-05";
			sourceTree = "<group>";
		};
		C8257B362239A9400010DE47 /* class-06 */ = {
			isa = PBXGroup;
			children = (
				C8264E93224027D9002E006E /* main.cpp */,
				C8D6DC0222415007006082F2 /* array_helper.cpp */,
				C8D6DC082241560B006082F2 /* particoes.cpp */,
				C8D6DC0B224159D9006082F2 /* quicksorts.cpp */,
				C8D6DC0722415573006082F2 /* headers */,
				C8D6DC0622415495006082F2 /* pictures */,
			);
			path = "class-06";
			sourceTree = "<group>";
		};
		C8264E8C2240273D002E006E /* class-07 */ = {
			isa = PBXGroup;
			children = (
				C8264E8D2240273D002E006E /* main.cpp */,
				C88FD87F22449DBA00CF6A8D /* selecoes.cpp */,
				C88FD8832244A04900CF6A8D /* particoes.cpp */,
				C88FD88B224597BB00CF6A8D /* quicksorts.cpp */,
				C88FD8872244A35D00CF6A8D /* array_helper.cpp */,
				C88FD88222449DCE00CF6A8D /* headers */,
				C88FD87D22449D6800CF6A8D /* pictures */,
			);
			path = "class-07";
			sourceTree = "<group>";
		};
		C8567194222D561A0015EDB3 /* class-02 */ = {
			isa = PBXGroup;
			children = (
				C856719B222D563E0015EDB3 /* main.cpp */,
				C80FB47D2283700500D32C73 /* pictures */,
			);
			path = "class-02";
			sourceTree = "<group>";
		};
		C85671A3222D56570015EDB3 /* class-03 */ = {
			isa = PBXGroup;
			children = (
				C85671AA222D56690015EDB3 /* main.cpp */,
				C80FB47E2283701800D32C73 /* pictures */,
			);
			path = "class-03";
			sourceTree = "<group>";
		};
		C86499C4228914D900E06FD8 /* libs */ = {
			isa = PBXGroup;
			children = (
				C86499C12289093300E06FD8 /* instancias_Reais_Trabalho_2.hpp */,
			);
			name = libs;
			sourceTree = "<group>";
		};
		C8708984228778F30092C029 /* class-01 */ = {
			isa = PBXGroup;
			children = (
				C8708985228778F30092C029 /* main.cpp */,
				C8708995228779F90092C029 /* pictures */,
			);
			path = "class-01";
			sourceTree = "<group>";
		};
		C870898F2287790B0092C029 /* class-10 */ = {
			isa = PBXGroup;
			children = (
				C87089902287790B0092C029 /* main.cpp */,
			);
			path = "class-10";
			sourceTree = "<group>";
		};
		C8708995228779F90092C029 /* pictures */ = {
			isa = PBXGroup;
			children = (
				C870899622877A310092C029 /* class-01-pictures.pdf */,
			);
			path = pictures;
			sourceTree = "<group>";
		};
		C870899C22877AEC0092C029 /* class-16 */ = {
			isa = PBXGroup;
			children = (
				C870899D22877AEC0092C029 /* main.cpp */,
				C87089AD22877B230092C029 /* pictures */,
			);
			path = "class-16";
			sourceTree = "<group>";
		};
		C87089A722877B140092C029 /* class-17 */ = {
			isa = PBXGroup;
			children = (
				C87089A822877B140092C029 /* main.cpp */,
				C87089AE22877B290092C029 /* pictures */,
			);
			path = "class-17";
			sourceTree = "<group>";
		};
		C87089AD22877B230092C029 /* pictures */ = {
			isa = PBXGroup;
			children = (
				C87089B022877BCC0092C029 /* class-16-pictures.pdf */,
			);
			path = pictures;
			sourceTree = "<group>";
		};
		C87089AE22877B290092C029 /* pictures */ = {
			isa = PBXGroup;
			children = (
				C87089B122877BD60092C029 /* class-17-pictures.pdf */,
			);
			path = pictures;
			sourceTree = "<group>";
		};
		C87089B22288DD720092C029 /* helpers */ = {
			isa = PBXGroup;
			children = (
				C87089B42288DDC10092C029 /* array_helper.cpp */,
			);
			name = helpers;
			sourceTree = "<group>";
		};
		C87089B32288DD840092C029 /* headers */ = {
			isa = PBXGroup;
			children = (
				C87089B82288E2A40092C029 /* enum.hpp */,
				C87089BA2288E3BF0092C029 /* search.hpp */,
				C87089B52288DDC10092C029 /* array_helper.hpp */,
			);
			name = headers;
			sourceTree = "<group>";
		};
		C88FD87D22449D6800CF6A8D /* pictures */ = {
			isa = PBXGroup;
			children = (
				C88FD8862244A0B100CF6A8D /* class-07-pictures.pdf */,
			);
			path = pictures;
			sourceTree = "<group>";
		};
		C88FD88222449DCE00CF6A8D /* headers */ = {
			isa = PBXGroup;
			children = (
				C88FD88022449DBA00CF6A8D /* selecoes.hpp */,
				C88FD8842244A04900CF6A8D /* particoes.hpp */,
				C88FD88A224597BB00CF6A8D /* quicksorts.hpp */,
				C88FD8882244A35E00CF6A8D /* array_helper.hpp */,
			);
			name = headers;
			sourceTree = "<group>";
		};
		C894690C2279179B00882146 /* class-12 */ = {
			isa = PBXGroup;
			children = (
				C894695522792C8E00882146 /* main.cpp */,
				C8946943227918C800882146 /* pictures */,
			);
			path = "class-12";
			sourceTree = "<group>";
		};
		C8946917227917A200882146 /* class-13 */ = {
			isa = PBXGroup;
			children = (
				C8946918227917A200882146 /* main.cpp */,
				C8946946227918CF00882146 /* pictures */,
			);
			path = "class-13";
			sourceTree = "<group>";
		};
		C8946922227917AB00882146 /* class-14 */ = {
			isa = PBXGroup;
			children = (
				C8946923227917AB00882146 /* main.cpp */,
				C8946949227918D600882146 /* pictures */,
			);
			path = "class-14";
			sourceTree = "<group>";
		};
		C894692D227917B200882146 /* class-15 */ = {
			isa = PBXGroup;
			children = (
				C894692E227917B200882146 /* main.cpp */,
				C894694C227918E000882146 /* pictures */,
			);
			path = "class-15";
			sourceTree = "<group>";
		};
		C8946938227917D000882146 /* pattern-search */ = {
			isa = PBXGroup;
			children = (
				C8946939227917D000882146 /* main.cpp */,
				C87089B92288E3BF0092C029 /* search.cpp */,
				C87089B22288DD720092C029 /* helpers */,
				C87089B32288DD840092C029 /* headers */,
				C86499C4228914D900E06FD8 /* libs */,
				C894694F227918EA00882146 /* pictures */,
			);
			path = "pattern-search";
			sourceTree = "<group>";
		};
		C8946943227918C800882146 /* pictures */ = {
			isa = PBXGroup;
			children = (
				C8946945227918C800882146 /* class-12-pictures.pdf */,
			);
			path = pictures;
			sourceTree = "<group>";
		};
		C8946946227918CF00882146 /* pictures */ = {
			isa = PBXGroup;
			children = (
				C8946948227918CF00882146 /* class-13-pictures.pdf */,
			);
			path = pictures;
			sourceTree = "<group>";
		};
		C8946949227918D600882146 /* pictures */ = {
			isa = PBXGroup;
			children = (
				C894694B227918D600882146 /* class-14-pictures.pdf */,
			);
			path = pictures;
			sourceTree = "<group>";
		};
		C894694C227918E000882146 /* pictures */ = {
			isa = PBXGroup;
			children = (
				C894694E227918E000882146 /* class-15-pictures.pdf */,
			);
			path = pictures;
			sourceTree = "<group>";
		};
		C894694F227918EA00882146 /* pictures */ = {
			isa = PBXGroup;
			children = (
				C8946951227918EA00882146 /* pattern-search-specification.pdf */,
			);
			path = pictures;
			sourceTree = "<group>";
		};
		C89469572279304500882146 /* classes */ = {
			isa = PBXGroup;
			children = (
				C8708984228778F30092C029 /* class-01 */,
				C8567194222D561A0015EDB3 /* class-02 */,
				C85671A3222D56570015EDB3 /* class-03 */,
				C8150CFE2236FBB900CCAB2D /* class-04 */,
				C8150D0C2236FC1900CCAB2D /* class-05 */,
				C8257B362239A9400010DE47 /* class-06 */,
				C8264E8C2240273D002E006E /* class-07 */,
				C80FB42222836D3A00D32C73 /* class-08 */,
				C80FB46422836F0000D32C73 /* class-09 */,
				C870898F2287790B0092C029 /* class-10 */,
				C80FB44D22836E2500D32C73 /* class-11 */,
				C894690C2279179B00882146 /* class-12 */,
				C8946917227917A200882146 /* class-13 */,
				C8946922227917AB00882146 /* class-14 */,
				C894692D227917B200882146 /* class-15 */,
				C870899C22877AEC0092C029 /* class-16 */,
				C87089A722877B140092C029 /* class-17 */,
			);
			path = classes;
			sourceTree = "<group>";
		};
		C8AB20A6222D5360000FED0D = {
			isa = PBXGroup;
			children = (
				C89469572279304500882146 /* classes */,
				C80FB486228371C100D32C73 /* quicksort-variations */,
				C8946938227917D000882146 /* pattern-search */,
				C8AB20B0222D5361000FED0D /* Products */,
				C894695222791A8600882146 /* README.md */,
			);
			sourceTree = "<group>";
		};
		C8AB20B0222D5361000FED0D /* Products */ = {
			isa = PBXGroup;
			children = (
				C8AB20AF222D5361000FED0D /* lab-programacao */,
				C8567193222D561A0015EDB3 /* class-02 */,
				C85671A2222D56570015EDB3 /* class-03 */,
				C8150CFD2236FBB900CCAB2D /* class-04 */,
				C8150D0B2236FC1900CCAB2D /* class-05 */,
				C8257B352239A9400010DE47 /* class-06 */,
				C8264E8B2240273D002E006E /* class-07 */,
				C894690B2279179B00882146 /* class-12 */,
				C8946916227917A100882146 /* class-13 */,
				C8946921227917AB00882146 /* class-14 */,
				C894692C227917B200882146 /* class-15 */,
				C8946937227917D000882146 /* pattern-search */,
				C80FB42122836D3A00D32C73 /* class-08 */,
				C80FB44C22836E2400D32C73 /* class-11 */,
				C80FB46322836EFF00D32C73 /* class-09 */,
				C80FB485228371C100D32C73 /* quicksort-variations */,
				C8708983228778F30092C029 /* class-01 */,
				C870898E2287790B0092C029 /* class-10 */,
				C870899B22877AEC0092C029 /* class-16 */,
				C87089A622877B140092C029 /* class-17 */,
			);
			name = Products;
			sourceTree = "<group>";
		};
		C8D6DC0622415495006082F2 /* pictures */ = {
			isa = PBXGroup;
			children = (
				C8264E92224027B8002E006E /* class-06-pictures.pdf */,
			);
			path = pictures;
			sourceTree = "<group>";
		};
		C8D6DC0722415573006082F2 /* headers */ = {
			isa = PBXGroup;
			children = (
				C8D6DC0422415185006082F2 /* array_helper.hpp */,
				C8D6DC092241560B006082F2 /* particoes.hpp */,
				C8D6DC0C224159D9006082F2 /* quicksorts.hpp */,
			);
			name = headers;
			sourceTree = "<group>";
		};
/* End PBXGroup section */

/* Begin PBXNativeTarget section */
		C80FB42022836D3A00D32C73 /* class-08 */ = {
			isa = PBXNativeTarget;
			buildConfigurationList = C80FB42522836D3A00D32C73 /* Build configuration list for PBXNativeTarget "class-08" */;
			buildPhases = (
				C80FB41D22836D3A00D32C73 /* Sources */,
				C80FB41E22836D3A00D32C73 /* Frameworks */,
				C80FB41F22836D3A00D32C73 /* CopyFiles */,
			);
			buildRules = (
			);
			dependencies = (
			);
			name = "class-08";
			productName = "class-08";
			productReference = C80FB42122836D3A00D32C73 /* class-08 */;
			productType = "com.apple.product-type.tool";
		};
		C80FB44B22836E2400D32C73 /* class-11 */ = {
			isa = PBXNativeTarget;
			buildConfigurationList = C80FB45022836E2500D32C73 /* Build configuration list for PBXNativeTarget "class-11" */;
			buildPhases = (
				C80FB44822836E2400D32C73 /* Sources */,
				C80FB44922836E2400D32C73 /* Frameworks */,
				C80FB44A22836E2400D32C73 /* CopyFiles */,
			);
			buildRules = (
			);
			dependencies = (
			);
			name = "class-11";
			productName = "class-11";
			productReference = C80FB44C22836E2400D32C73 /* class-11 */;
			productType = "com.apple.product-type.tool";
		};
		C80FB46222836EFF00D32C73 /* class-09 */ = {
			isa = PBXNativeTarget;
			buildConfigurationList = C80FB46722836F0000D32C73 /* Build configuration list for PBXNativeTarget "class-09" */;
			buildPhases = (
				C80FB45F22836EFF00D32C73 /* Sources */,
				C80FB46022836EFF00D32C73 /* Frameworks */,
				C80FB46122836EFF00D32C73 /* CopyFiles */,
			);
			buildRules = (
			);
			dependencies = (
			);
			name = "class-09";
			productName = "class-09";
			productReference = C80FB46322836EFF00D32C73 /* class-09 */;
			productType = "com.apple.product-type.tool";
		};
		C80FB484228371C100D32C73 /* quicksort-variations */ = {
			isa = PBXNativeTarget;
			buildConfigurationList = C80FB489228371C100D32C73 /* Build configuration list for PBXNativeTarget "quicksort-variations" */;
			buildPhases = (
				C80FB481228371C100D32C73 /* Sources */,
				C80FB482228371C100D32C73 /* Frameworks */,
				C80FB483228371C100D32C73 /* CopyFiles */,
			);
			buildRules = (
			);
			dependencies = (
			);
			name = "quicksort-variations";
			productName = "quicksort-variations";
			productReference = C80FB485228371C100D32C73 /* quicksort-variations */;
			productType = "com.apple.product-type.tool";
		};
		C8150CFC2236FBB900CCAB2D /* class-04 */ = {
			isa = PBXNativeTarget;
			buildConfigurationList = C8150D012236FBB900CCAB2D /* Build configuration list for PBXNativeTarget "class-04" */;
			buildPhases = (
				C8150CF92236FBB900CCAB2D /* Sources */,
				C8150CFA2236FBB900CCAB2D /* Frameworks */,
				C8150CFB2236FBB900CCAB2D /* CopyFiles */,
			);
			buildRules = (
			);
			dependencies = (
			);
			name = "class-04";
			productName = aula04;
			productReference = C8150CFD2236FBB900CCAB2D /* class-04 */;
			productType = "com.apple.product-type.tool";
		};
		C8150D0A2236FC1900CCAB2D /* class-05 */ = {
			isa = PBXNativeTarget;
			buildConfigurationList = C8150D0F2236FC1900CCAB2D /* Build configuration list for PBXNativeTarget "class-05" */;
			buildPhases = (
				C8150D072236FC1900CCAB2D /* Sources */,
				C8150D082236FC1900CCAB2D /* Frameworks */,
				C8150D092236FC1900CCAB2D /* CopyFiles */,
			);
			buildRules = (
			);
			dependencies = (
			);
			name = "class-05";
			productName = aula05;
			productReference = C8150D0B2236FC1900CCAB2D /* class-05 */;
			productType = "com.apple.product-type.tool";
		};
		C8257B342239A9400010DE47 /* class-06 */ = {
			isa = PBXNativeTarget;
			buildConfigurationList = C8257B392239A9400010DE47 /* Build configuration list for PBXNativeTarget "class-06" */;
			buildPhases = (
				C8257B312239A9400010DE47 /* Sources */,
				C8257B322239A9400010DE47 /* Frameworks */,
				C8257B332239A9400010DE47 /* CopyFiles */,
			);
			buildRules = (
			);
			dependencies = (
			);
			name = "class-06";
			productName = aula06;
			productReference = C8257B352239A9400010DE47 /* class-06 */;
			productType = "com.apple.product-type.tool";
		};
		C8264E8A2240273D002E006E /* class-07 */ = {
			isa = PBXNativeTarget;
			buildConfigurationList = C8264E912240273D002E006E /* Build configuration list for PBXNativeTarget "class-07" */;
			buildPhases = (
				C8264E872240273D002E006E /* Sources */,
				C8264E882240273D002E006E /* Frameworks */,
				C8264E892240273D002E006E /* CopyFiles */,
			);
			buildRules = (
			);
			dependencies = (
			);
			name = "class-07";
			productName = aula07;
			productReference = C8264E8B2240273D002E006E /* class-07 */;
			productType = "com.apple.product-type.tool";
		};
		C8567192222D561A0015EDB3 /* class-02 */ = {
			isa = PBXNativeTarget;
			buildConfigurationList = C8567197222D561A0015EDB3 /* Build configuration list for PBXNativeTarget "class-02" */;
			buildPhases = (
				C856718F222D561A0015EDB3 /* Sources */,
				C8567190222D561A0015EDB3 /* Frameworks */,
				C8567191222D561A0015EDB3 /* CopyFiles */,
			);
			buildRules = (
			);
			dependencies = (
			);
			name = "class-02";
			productName = aula02;
			productReference = C8567193222D561A0015EDB3 /* class-02 */;
			productType = "com.apple.product-type.tool";
		};
		C85671A1222D56570015EDB3 /* class-03 */ = {
			isa = PBXNativeTarget;
			buildConfigurationList = C85671A6222D56570015EDB3 /* Build configuration list for PBXNativeTarget "class-03" */;
			buildPhases = (
				C856719E222D56570015EDB3 /* Sources */,
				C856719F222D56570015EDB3 /* Frameworks */,
				C85671A0222D56570015EDB3 /* CopyFiles */,
			);
			buildRules = (
			);
			dependencies = (
			);
			name = "class-03";
			productName = aula03;
			productReference = C85671A2222D56570015EDB3 /* class-03 */;
			productType = "com.apple.product-type.tool";
		};
		C8708982228778F30092C029 /* class-01 */ = {
			isa = PBXNativeTarget;
			buildConfigurationList = C8708989228778F30092C029 /* Build configuration list for PBXNativeTarget "class-01" */;
			buildPhases = (
				C870897F228778F30092C029 /* Sources */,
				C8708980228778F30092C029 /* Frameworks */,
				C8708981228778F30092C029 /* CopyFiles */,
			);
			buildRules = (
			);
			dependencies = (
			);
			name = "class-01";
			productName = "class-01";
			productReference = C8708983228778F30092C029 /* class-01 */;
			productType = "com.apple.product-type.tool";
		};
		C870898D2287790B0092C029 /* class-10 */ = {
			isa = PBXNativeTarget;
			buildConfigurationList = C87089922287790B0092C029 /* Build configuration list for PBXNativeTarget "class-10" */;
			buildPhases = (
				C870898A2287790B0092C029 /* Sources */,
				C870898B2287790B0092C029 /* Frameworks */,
				C870898C2287790B0092C029 /* CopyFiles */,
			);
			buildRules = (
			);
			dependencies = (
			);
			name = "class-10";
			productName = "class-10";
			productReference = C870898E2287790B0092C029 /* class-10 */;
			productType = "com.apple.product-type.tool";
		};
		C870899A22877AEC0092C029 /* class-16 */ = {
			isa = PBXNativeTarget;
			buildConfigurationList = C870899F22877AED0092C029 /* Build configuration list for PBXNativeTarget "class-16" */;
			buildPhases = (
				C870899722877AEC0092C029 /* Sources */,
				C870899822877AEC0092C029 /* Frameworks */,
				C870899922877AEC0092C029 /* CopyFiles */,
			);
			buildRules = (
			);
			dependencies = (
			);
			name = "class-16";
			productName = "class-16";
			productReference = C870899B22877AEC0092C029 /* class-16 */;
			productType = "com.apple.product-type.tool";
		};
		C87089A522877B140092C029 /* class-17 */ = {
			isa = PBXNativeTarget;
			buildConfigurationList = C87089AA22877B140092C029 /* Build configuration list for PBXNativeTarget "class-17" */;
			buildPhases = (
				C87089A222877B140092C029 /* Sources */,
				C87089A322877B140092C029 /* Frameworks */,
				C87089A422877B140092C029 /* CopyFiles */,
			);
			buildRules = (
			);
			dependencies = (
			);
			name = "class-17";
			productName = "class-17";
			productReference = C87089A622877B140092C029 /* class-17 */;
			productType = "com.apple.product-type.tool";
		};
		C894690A2279179B00882146 /* class-12 */ = {
			isa = PBXNativeTarget;
			buildConfigurationList = C894690F2279179B00882146 /* Build configuration list for PBXNativeTarget "class-12" */;
			buildPhases = (
				C89469072279179B00882146 /* Sources */,
				C89469082279179B00882146 /* Frameworks */,
				C89469092279179B00882146 /* CopyFiles */,
			);
			buildRules = (
			);
			dependencies = (
			);
			name = "class-12";
			productName = aula12;
			productReference = C894690B2279179B00882146 /* class-12 */;
			productType = "com.apple.product-type.tool";
		};
		C8946915227917A100882146 /* class-13 */ = {
			isa = PBXNativeTarget;
			buildConfigurationList = C894691A227917A200882146 /* Build configuration list for PBXNativeTarget "class-13" */;
			buildPhases = (
				C8946912227917A100882146 /* Sources */,
				C8946913227917A100882146 /* Frameworks */,
				C8946914227917A100882146 /* CopyFiles */,
			);
			buildRules = (
			);
			dependencies = (
			);
			name = "class-13";
			productName = aula13;
			productReference = C8946916227917A100882146 /* class-13 */;
			productType = "com.apple.product-type.tool";
		};
		C8946920227917AB00882146 /* class-14 */ = {
			isa = PBXNativeTarget;
			buildConfigurationList = C8946925227917AB00882146 /* Build configuration list for PBXNativeTarget "class-14" */;
			buildPhases = (
				C894691D227917AB00882146 /* Sources */,
				C894691E227917AB00882146 /* Frameworks */,
				C894691F227917AB00882146 /* CopyFiles */,
			);
			buildRules = (
			);
			dependencies = (
			);
			name = "class-14";
			productName = aula14;
			productReference = C8946921227917AB00882146 /* class-14 */;
			productType = "com.apple.product-type.tool";
		};
		C894692B227917B200882146 /* class-15 */ = {
			isa = PBXNativeTarget;
			buildConfigurationList = C8946930227917B200882146 /* Build configuration list for PBXNativeTarget "class-15" */;
			buildPhases = (
				C8946928227917B200882146 /* Sources */,
				C8946929227917B200882146 /* Frameworks */,
				C894692A227917B200882146 /* CopyFiles */,
			);
			buildRules = (
			);
			dependencies = (
			);
			name = "class-15";
			productName = aula15;
			productReference = C894692C227917B200882146 /* class-15 */;
			productType = "com.apple.product-type.tool";
		};
		C8946936227917D000882146 /* pattern-search */ = {
			isa = PBXNativeTarget;
			buildConfigurationList = C894693B227917D000882146 /* Build configuration list for PBXNativeTarget "pattern-search" */;
			buildPhases = (
				C8946933227917D000882146 /* Sources */,
				C8946934227917D000882146 /* Frameworks */,
				C8946935227917D000882146 /* CopyFiles */,
			);
			buildRules = (
			);
			dependencies = (
			);
			name = "pattern-search";
			productName = "pattern-search";
			productReference = C8946937227917D000882146 /* pattern-search */;
			productType = "com.apple.product-type.tool";
		};
		C8AB20AE222D5361000FED0D /* lab-programacao */ = {
			isa = PBXNativeTarget;
			buildConfigurationList = C8AB20B6222D5361000FED0D /* Build configuration list for PBXNativeTarget "lab-programacao" */;
			buildPhases = (
				C8AB20AB222D5361000FED0D /* Sources */,
				C8AB20AC222D5361000FED0D /* Frameworks */,
				C8AB20AD222D5361000FED0D /* CopyFiles */,
			);
			buildRules = (
			);
			dependencies = (
			);
			name = "lab-programacao";
			productName = "lab-programacao";
			productReference = C8AB20AF222D5361000FED0D /* lab-programacao */;
			productType = "com.apple.product-type.tool";
		};
/* End PBXNativeTarget section */

/* Begin PBXProject section */
		C8AB20A7222D5360000FED0D /* Project object */ = {
			isa = PBXProject;
			attributes = {
				LastUpgradeCheck = 1010;
				ORGANIZATIONNAME = UFC;
				TargetAttributes = {
					C80FB42022836D3A00D32C73 = {
						CreatedOnToolsVersion = 10.2.1;
					};
					C80FB44B22836E2400D32C73 = {
						CreatedOnToolsVersion = 10.2.1;
					};
					C80FB46222836EFF00D32C73 = {
						CreatedOnToolsVersion = 10.2.1;
					};
					C80FB484228371C100D32C73 = {
						CreatedOnToolsVersion = 10.2.1;
					};
					C8150CFC2236FBB900CCAB2D = {
						CreatedOnToolsVersion = 10.1;
					};
					C8150D0A2236FC1900CCAB2D = {
						CreatedOnToolsVersion = 10.1;
					};
					C8257B342239A9400010DE47 = {
						CreatedOnToolsVersion = 10.1;
					};
					C8264E8A2240273D002E006E = {
						CreatedOnToolsVersion = 10.1;
					};
					C8567192222D561A0015EDB3 = {
						CreatedOnToolsVersion = 10.1;
						LastSwiftMigration = 1010;
					};
					C85671A1222D56570015EDB3 = {
						CreatedOnToolsVersion = 10.1;
					};
					C8708982228778F30092C029 = {
						CreatedOnToolsVersion = 10.2.1;
					};
					C870898D2287790B0092C029 = {
						CreatedOnToolsVersion = 10.2.1;
					};
					C870899A22877AEC0092C029 = {
						CreatedOnToolsVersion = 10.2.1;
					};
					C87089A522877B140092C029 = {
						CreatedOnToolsVersion = 10.2.1;
					};
					C894690A2279179B00882146 = {
						CreatedOnToolsVersion = 10.2.1;
					};
					C8946915227917A100882146 = {
						CreatedOnToolsVersion = 10.2.1;
					};
					C8946920227917AB00882146 = {
						CreatedOnToolsVersion = 10.2.1;
					};
					C894692B227917B200882146 = {
						CreatedOnToolsVersion = 10.2.1;
					};
					C8946936227917D000882146 = {
						CreatedOnToolsVersion = 10.2.1;
					};
					C8AB20AE222D5361000FED0D = {
						CreatedOnToolsVersion = 10.1;
					};
				};
			};
			buildConfigurationList = C8AB20AA222D5360000FED0D /* Build configuration list for PBXProject "lab-programacao-c++" */;
			compatibilityVersion = "Xcode 9.3";
			developmentRegion = en;
			hasScannedForEncodings = 0;
			knownRegions = (
				en,
				Base,
			);
			mainGroup = C8AB20A6222D5360000FED0D;
			productRefGroup = C8AB20B0222D5361000FED0D /* Products */;
			projectDirPath = "";
			projectRoot = "";
			targets = (
				C8AB20AE222D5361000FED0D /* lab-programacao */,
				C8708982228778F30092C029 /* class-01 */,
				C8567192222D561A0015EDB3 /* class-02 */,
				C85671A1222D56570015EDB3 /* class-03 */,
				C8150CFC2236FBB900CCAB2D /* class-04 */,
				C8150D0A2236FC1900CCAB2D /* class-05 */,
				C8257B342239A9400010DE47 /* class-06 */,
				C8264E8A2240273D002E006E /* class-07 */,
				C80FB42022836D3A00D32C73 /* class-08 */,
				C80FB46222836EFF00D32C73 /* class-09 */,
				C870898D2287790B0092C029 /* class-10 */,
				C80FB44B22836E2400D32C73 /* class-11 */,
				C894690A2279179B00882146 /* class-12 */,
				C8946915227917A100882146 /* class-13 */,
				C8946920227917AB00882146 /* class-14 */,
				C894692B227917B200882146 /* class-15 */,
				C870899A22877AEC0092C029 /* class-16 */,
				C87089A522877B140092C029 /* class-17 */,
				C80FB484228371C100D32C73 /* quicksort-variations */,
				C8946936227917D000882146 /* pattern-search */,
			);
		};
/* End PBXProject section */

/* Begin PBXSourcesBuildPhase section */
		C80FB41D22836D3A00D32C73 /* Sources */ = {
			isa = PBXSourcesBuildPhase;
			buildActionMask = 2147483647;
			files = (
				C80FB42422836D3A00D32C73 /* main.cpp in Sources */,
				C80FB43822836D8C00D32C73 /* particionamento.cpp in Sources */,
				C80FB43B22836D8C00D32C73 /* selecao.cpp in Sources */,
				C80FB44122836D8C00D32C73 /* quicksort.cpp in Sources */,
				C80FB43E22836D8C00D32C73 /* array_helper.cpp in Sources */,
			);
			runOnlyForDeploymentPostprocessing = 0;
		};
		C80FB44822836E2400D32C73 /* Sources */ = {
			isa = PBXSourcesBuildPhase;
			buildActionMask = 2147483647;
			files = (
				C80FB44F22836E2500D32C73 /* main.cpp in Sources */,
			);
			runOnlyForDeploymentPostprocessing = 0;
		};
		C80FB45F22836EFF00D32C73 /* Sources */ = {
			isa = PBXSourcesBuildPhase;
			buildActionMask = 2147483647;
			files = (
				C80FB47722836F3800D32C73 /* selecao.cpp in Sources */,
				C80FB46622836F0000D32C73 /* main.cpp in Sources */,
				C80FB47622836F3800D32C73 /* particionamento.cpp in Sources */,
				C80FB47822836F3800D32C73 /* array_helper.cpp in Sources */,
				C80FB47522836F3800D32C73 /* quicksort.cpp in Sources */,
			);
			runOnlyForDeploymentPostprocessing = 0;
		};
		C80FB481228371C100D32C73 /* Sources */ = {
			isa = PBXSourcesBuildPhase;
			buildActionMask = 2147483647;
			files = (
				C80FB4A0228371F100D32C73 /* selection.cpp in Sources */,
				C80FB4A2228371F100D32C73 /* array_helper.cpp in Sources */,
				C80FB488228371C100D32C73 /* main.cpp in Sources */,
				C80FB49E228371F100D32C73 /* table_printer.cpp in Sources */,
				C80FB4A1228371F100D32C73 /* quicksort.cpp in Sources */,
				C80FB4A3228371F100D32C73 /* console_helper.cpp in Sources */,
				C80FB49F228371F100D32C73 /* partition.cpp in Sources */,
			);
			runOnlyForDeploymentPostprocessing = 0;
		};
		C8150CF92236FBB900CCAB2D /* Sources */ = {
			isa = PBXSourcesBuildPhase;
			buildActionMask = 2147483647;
			files = (
				C8150D062236FBF400CCAB2D /* main.cpp in Sources */,
			);
			runOnlyForDeploymentPostprocessing = 0;
		};
		C8150D072236FC1900CCAB2D /* Sources */ = {
			isa = PBXSourcesBuildPhase;
			buildActionMask = 2147483647;
			files = (
				C8150D132236FC3900CCAB2D /* main.cpp in Sources */,
			);
			runOnlyForDeploymentPostprocessing = 0;
		};
		C8257B312239A9400010DE47 /* Sources */ = {
			isa = PBXSourcesBuildPhase;
			buildActionMask = 2147483647;
			files = (
				C8264E94224027D9002E006E /* main.cpp in Sources */,
				C8D6DC0322415007006082F2 /* array_helper.cpp in Sources */,
				C8D6DC0A2241560B006082F2 /* particoes.cpp in Sources */,
				C8D6DC0D224159D9006082F2 /* quicksorts.cpp in Sources */,
			);
			runOnlyForDeploymentPostprocessing = 0;
		};
		C8264E872240273D002E006E /* Sources */ = {
			isa = PBXSourcesBuildPhase;
			buildActionMask = 2147483647;
			files = (
				C88FD88122449DBA00CF6A8D /* selecoes.cpp in Sources */,
				C88FD88C224597BB00CF6A8D /* quicksorts.cpp in Sources */,
				C88FD8852244A04900CF6A8D /* particoes.cpp in Sources */,
				C8264E8E2240273D002E006E /* main.cpp in Sources */,
				C88FD8892244A35E00CF6A8D /* array_helper.cpp in Sources */,
			);
			runOnlyForDeploymentPostprocessing = 0;
		};
		C856718F222D561A0015EDB3 /* Sources */ = {
			isa = PBXSourcesBuildPhase;
			buildActionMask = 2147483647;
			files = (
				C856719D222D563E0015EDB3 /* main.cpp in Sources */,
			);
			runOnlyForDeploymentPostprocessing = 0;
		};
		C856719E222D56570015EDB3 /* Sources */ = {
			isa = PBXSourcesBuildPhase;
			buildActionMask = 2147483647;
			files = (
				C85671AC222D56690015EDB3 /* main.cpp in Sources */,
			);
			runOnlyForDeploymentPostprocessing = 0;
		};
		C870897F228778F30092C029 /* Sources */ = {
			isa = PBXSourcesBuildPhase;
			buildActionMask = 2147483647;
			files = (
				C8708986228778F30092C029 /* main.cpp in Sources */,
			);
			runOnlyForDeploymentPostprocessing = 0;
		};
		C870898A2287790B0092C029 /* Sources */ = {
			isa = PBXSourcesBuildPhase;
			buildActionMask = 2147483647;
			files = (
				C87089912287790B0092C029 /* main.cpp in Sources */,
			);
			runOnlyForDeploymentPostprocessing = 0;
		};
		C870899722877AEC0092C029 /* Sources */ = {
			isa = PBXSourcesBuildPhase;
			buildActionMask = 2147483647;
			files = (
				C870899E22877AED0092C029 /* main.cpp in Sources */,
			);
			runOnlyForDeploymentPostprocessing = 0;
		};
		C87089A222877B140092C029 /* Sources */ = {
			isa = PBXSourcesBuildPhase;
			buildActionMask = 2147483647;
			files = (
				C87089A922877B140092C029 /* main.cpp in Sources */,
			);
			runOnlyForDeploymentPostprocessing = 0;
		};
		C89469072279179B00882146 /* Sources */ = {
			isa = PBXSourcesBuildPhase;
			buildActionMask = 2147483647;
			files = (
				C894695622792C8E00882146 /* main.cpp in Sources */,
			);
			runOnlyForDeploymentPostprocessing = 0;
		};
		C8946912227917A100882146 /* Sources */ = {
			isa = PBXSourcesBuildPhase;
			buildActionMask = 2147483647;
			files = (
				C8946919227917A200882146 /* main.cpp in Sources */,
			);
			runOnlyForDeploymentPostprocessing = 0;
		};
		C894691D227917AB00882146 /* Sources */ = {
			isa = PBXSourcesBuildPhase;
			buildActionMask = 2147483647;
			files = (
				C8946924227917AB00882146 /* main.cpp in Sources */,
			);
			runOnlyForDeploymentPostprocessing = 0;
		};
		C8946928227917B200882146 /* Sources */ = {
			isa = PBXSourcesBuildPhase;
			buildActionMask = 2147483647;
			files = (
				C894692F227917B200882146 /* main.cpp in Sources */,
			);
			runOnlyForDeploymentPostprocessing = 0;
		};
		C8946933227917D000882146 /* Sources */ = {
			isa = PBXSourcesBuildPhase;
			buildActionMask = 2147483647;
			files = (
				C894693A227917D000882146 /* main.cpp in Sources */,
				C87089BB2288E3BF0092C029 /* search.cpp in Sources */,
				C87089B62288DDC10092C029 /* array_helper.cpp in Sources */,
			);
			runOnlyForDeploymentPostprocessing = 0;
		};
		C8AB20AB222D5361000FED0D /* Sources */ = {
			isa = PBXSourcesBuildPhase;
			buildActionMask = 2147483647;
			files = (
				C80FB43922836D8C00D32C73 /* selecao.cpp in Sources */,
				C80FB43C22836D8C00D32C73 /* array_helper.cpp in Sources */,
				C80FB43622836D8C00D32C73 /* particionamento.cpp in Sources */,
				C80FB43F22836D8C00D32C73 /* quicksort.cpp in Sources */,
			);
			runOnlyForDeploymentPostprocessing = 0;
		};
/* End PBXSourcesBuildPhase section */

/* Begin XCBuildConfiguration section */
		C80FB42622836D3A00D32C73 /* Debug */ = {
			isa = XCBuildConfiguration;
			buildSettings = {
				CODE_SIGN_STYLE = Automatic;
				PRODUCT_NAME = "$(TARGET_NAME)";
			};
			name = Debug;
		};
		C80FB42722836D3A00D32C73 /* Release */ = {
			isa = XCBuildConfiguration;
			buildSettings = {
				CODE_SIGN_STYLE = Automatic;
				PRODUCT_NAME = "$(TARGET_NAME)";
			};
			name = Release;
		};
		C80FB45122836E2500D32C73 /* Debug */ = {
			isa = XCBuildConfiguration;
			buildSettings = {
				CODE_SIGN_STYLE = Automatic;
				PRODUCT_NAME = "$(TARGET_NAME)";
			};
			name = Debug;
		};
		C80FB45222836E2500D32C73 /* Release */ = {
			isa = XCBuildConfiguration;
			buildSettings = {
				CODE_SIGN_STYLE = Automatic;
				PRODUCT_NAME = "$(TARGET_NAME)";
			};
			name = Release;
		};
		C80FB46822836F0000D32C73 /* Debug */ = {
			isa = XCBuildConfiguration;
			buildSettings = {
				CODE_SIGN_STYLE = Automatic;
				PRODUCT_NAME = "$(TARGET_NAME)";
			};
			name = Debug;
		};
		C80FB46922836F0000D32C73 /* Release */ = {
			isa = XCBuildConfiguration;
			buildSettings = {
				CODE_SIGN_STYLE = Automatic;
				PRODUCT_NAME = "$(TARGET_NAME)";
			};
			name = Release;
		};
		C80FB48A228371C100D32C73 /* Debug */ = {
			isa = XCBuildConfiguration;
			buildSettings = {
				CODE_SIGN_STYLE = Automatic;
				PRODUCT_NAME = "$(TARGET_NAME)";
			};
			name = Debug;
		};
		C80FB48B228371C100D32C73 /* Release */ = {
			isa = XCBuildConfiguration;
			buildSettings = {
				CODE_SIGN_STYLE = Automatic;
				PRODUCT_NAME = "$(TARGET_NAME)";
			};
			name = Release;
		};
		C8150D022236FBB900CCAB2D /* Debug */ = {
			isa = XCBuildConfiguration;
			buildSettings = {
				CODE_SIGN_STYLE = Automatic;
				PRODUCT_NAME = "$(TARGET_NAME)";
			};
			name = Debug;
		};
		C8150D032236FBB900CCAB2D /* Release */ = {
			isa = XCBuildConfiguration;
			buildSettings = {
				CODE_SIGN_STYLE = Automatic;
				PRODUCT_NAME = "$(TARGET_NAME)";
			};
			name = Release;
		};
		C8150D102236FC1900CCAB2D /* Debug */ = {
			isa = XCBuildConfiguration;
			buildSettings = {
				CODE_SIGN_STYLE = Automatic;
				PRODUCT_NAME = "$(TARGET_NAME)";
			};
			name = Debug;
		};
		C8150D112236FC1900CCAB2D /* Release */ = {
			isa = XCBuildConfiguration;
			buildSettings = {
				CODE_SIGN_STYLE = Automatic;
				PRODUCT_NAME = "$(TARGET_NAME)";
			};
			name = Release;
		};
		C8257B3A2239A9400010DE47 /* Debug */ = {
			isa = XCBuildConfiguration;
			buildSettings = {
				CODE_SIGN_STYLE = Automatic;
				PRODUCT_NAME = "$(TARGET_NAME)";
			};
			name = Debug;
		};
		C8257B3B2239A9400010DE47 /* Release */ = {
			isa = XCBuildConfiguration;
			buildSettings = {
				CODE_SIGN_STYLE = Automatic;
				PRODUCT_NAME = "$(TARGET_NAME)";
			};
			name = Release;
		};
		C8264E8F2240273D002E006E /* Debug */ = {
			isa = XCBuildConfiguration;
			buildSettings = {
				CODE_SIGN_STYLE = Automatic;
				PRODUCT_NAME = "$(TARGET_NAME)";
			};
			name = Debug;
		};
		C8264E902240273D002E006E /* Release */ = {
			isa = XCBuildConfiguration;
			buildSettings = {
				CODE_SIGN_STYLE = Automatic;
				PRODUCT_NAME = "$(TARGET_NAME)";
			};
			name = Release;
		};
		C8567198222D561A0015EDB3 /* Debug */ = {
			isa = XCBuildConfiguration;
			buildSettings = {
				CLANG_ENABLE_MODULES = YES;
				CODE_SIGN_STYLE = Automatic;
				LD_RUNPATH_SEARCH_PATHS = (
					"$(inherited)",
					"@executable_path/../Frameworks",
					"@loader_path/../Frameworks",
				);
				PRODUCT_NAME = "$(TARGET_NAME)";
				SWIFT_OBJC_BRIDGING_HEADER = "aula02/aula02-Bridging-Header.h";
				SWIFT_OPTIMIZATION_LEVEL = "-Onone";
				SWIFT_VERSION = 4.2;
			};
			name = Debug;
		};
		C8567199222D561A0015EDB3 /* Release */ = {
			isa = XCBuildConfiguration;
			buildSettings = {
				CLANG_ENABLE_MODULES = YES;
				CODE_SIGN_STYLE = Automatic;
				LD_RUNPATH_SEARCH_PATHS = (
					"$(inherited)",
					"@executable_path/../Frameworks",
					"@loader_path/../Frameworks",
				);
				PRODUCT_NAME = "$(TARGET_NAME)";
				SWIFT_OBJC_BRIDGING_HEADER = "aula02/aula02-Bridging-Header.h";
				SWIFT_VERSION = 4.2;
			};
			name = Release;
		};
		C85671A7222D56570015EDB3 /* Debug */ = {
			isa = XCBuildConfiguration;
			buildSettings = {
				CODE_SIGN_STYLE = Automatic;
				PRODUCT_NAME = "$(TARGET_NAME)";
			};
			name = Debug;
		};
		C85671A8222D56570015EDB3 /* Release */ = {
			isa = XCBuildConfiguration;
			buildSettings = {
				CODE_SIGN_STYLE = Automatic;
				PRODUCT_NAME = "$(TARGET_NAME)";
			};
			name = Release;
		};
		C8708987228778F30092C029 /* Debug */ = {
			isa = XCBuildConfiguration;
			buildSettings = {
				CODE_SIGN_STYLE = Automatic;
				PRODUCT_NAME = "$(TARGET_NAME)";
			};
			name = Debug;
		};
		C8708988228778F30092C029 /* Release */ = {
			isa = XCBuildConfiguration;
			buildSettings = {
				CODE_SIGN_STYLE = Automatic;
				PRODUCT_NAME = "$(TARGET_NAME)";
			};
			name = Release;
		};
		C87089932287790B0092C029 /* Debug */ = {
			isa = XCBuildConfiguration;
			buildSettings = {
				CODE_SIGN_STYLE = Automatic;
				PRODUCT_NAME = "$(TARGET_NAME)";
			};
			name = Debug;
		};
		C87089942287790B0092C029 /* Release */ = {
			isa = XCBuildConfiguration;
			buildSettings = {
				CODE_SIGN_STYLE = Automatic;
				PRODUCT_NAME = "$(TARGET_NAME)";
			};
			name = Release;
		};
		C87089A022877AED0092C029 /* Debug */ = {
			isa = XCBuildConfiguration;
			buildSettings = {
				CODE_SIGN_STYLE = Automatic;
				PRODUCT_NAME = "$(TARGET_NAME)";
			};
			name = Debug;
		};
		C87089A122877AED0092C029 /* Release */ = {
			isa = XCBuildConfiguration;
			buildSettings = {
				CODE_SIGN_STYLE = Automatic;
				PRODUCT_NAME = "$(TARGET_NAME)";
			};
			name = Release;
		};
		C87089AB22877B140092C029 /* Debug */ = {
			isa = XCBuildConfiguration;
			buildSettings = {
				CODE_SIGN_STYLE = Automatic;
				PRODUCT_NAME = "$(TARGET_NAME)";
			};
			name = Debug;
		};
		C87089AC22877B140092C029 /* Release */ = {
			isa = XCBuildConfiguration;
			buildSettings = {
				CODE_SIGN_STYLE = Automatic;
				PRODUCT_NAME = "$(TARGET_NAME)";
			};
			name = Release;
		};
		C89469102279179B00882146 /* Debug */ = {
			isa = XCBuildConfiguration;
			buildSettings = {
				CODE_SIGN_STYLE = Automatic;
				PRODUCT_NAME = "$(TARGET_NAME)";
			};
			name = Debug;
		};
		C89469112279179B00882146 /* Release */ = {
			isa = XCBuildConfiguration;
			buildSettings = {
				CODE_SIGN_STYLE = Automatic;
				PRODUCT_NAME = "$(TARGET_NAME)";
			};
			name = Release;
		};
		C894691B227917A200882146 /* Debug */ = {
			isa = XCBuildConfiguration;
			buildSettings = {
				CODE_SIGN_STYLE = Automatic;
				PRODUCT_NAME = "$(TARGET_NAME)";
			};
			name = Debug;
		};
		C894691C227917A200882146 /* Release */ = {
			isa = XCBuildConfiguration;
			buildSettings = {
				CODE_SIGN_STYLE = Automatic;
				PRODUCT_NAME = "$(TARGET_NAME)";
			};
			name = Release;
		};
		C8946926227917AB00882146 /* Debug */ = {
			isa = XCBuildConfiguration;
			buildSettings = {
				CODE_SIGN_STYLE = Automatic;
				PRODUCT_NAME = "$(TARGET_NAME)";
			};
			name = Debug;
		};
		C8946927227917AB00882146 /* Release */ = {
			isa = XCBuildConfiguration;
			buildSettings = {
				CODE_SIGN_STYLE = Automatic;
				PRODUCT_NAME = "$(TARGET_NAME)";
			};
			name = Release;
		};
		C8946931227917B200882146 /* Debug */ = {
			isa = XCBuildConfiguration;
			buildSettings = {
				CODE_SIGN_STYLE = Automatic;
				PRODUCT_NAME = "$(TARGET_NAME)";
			};
			name = Debug;
		};
		C8946932227917B200882146 /* Release */ = {
			isa = XCBuildConfiguration;
			buildSettings = {
				CODE_SIGN_STYLE = Automatic;
				PRODUCT_NAME = "$(TARGET_NAME)";
			};
			name = Release;
		};
		C894693C227917D000882146 /* Debug */ = {
			isa = XCBuildConfiguration;
			buildSettings = {
				CODE_SIGN_STYLE = Automatic;
				PRODUCT_NAME = "$(TARGET_NAME)";
			};
			name = Debug;
		};
		C894693D227917D000882146 /* Release */ = {
			isa = XCBuildConfiguration;
			buildSettings = {
				CODE_SIGN_STYLE = Automatic;
				PRODUCT_NAME = "$(TARGET_NAME)";
			};
			name = Release;
		};
		C8AB20B4222D5361000FED0D /* Debug */ = {
			isa = XCBuildConfiguration;
			buildSettings = {
				ALWAYS_SEARCH_USER_PATHS = NO;
				CLANG_ANALYZER_NONNULL = YES;
				CLANG_ANALYZER_NUMBER_OBJECT_CONVERSION = YES_AGGRESSIVE;
				CLANG_CXX_LANGUAGE_STANDARD = "gnu++14";
				CLANG_CXX_LIBRARY = "libc++";
				CLANG_ENABLE_MODULES = YES;
				CLANG_ENABLE_OBJC_ARC = YES;
				CLANG_ENABLE_OBJC_WEAK = YES;
				CLANG_WARN_BLOCK_CAPTURE_AUTORELEASING = YES;
				CLANG_WARN_BOOL_CONVERSION = YES;
				CLANG_WARN_COMMA = YES;
				CLANG_WARN_CONSTANT_CONVERSION = YES;
				CLANG_WARN_DEPRECATED_OBJC_IMPLEMENTATIONS = YES;
				CLANG_WARN_DIRECT_OBJC_ISA_USAGE = YES_ERROR;
				CLANG_WARN_DOCUMENTATION_COMMENTS = YES;
				CLANG_WARN_EMPTY_BODY = YES;
				CLANG_WARN_ENUM_CONVERSION = YES;
				CLANG_WARN_INFINITE_RECURSION = YES;
				CLANG_WARN_INT_CONVERSION = YES;
				CLANG_WARN_NON_LITERAL_NULL_CONVERSION = YES;
				CLANG_WARN_OBJC_IMPLICIT_RETAIN_SELF = YES;
				CLANG_WARN_OBJC_LITERAL_CONVERSION = YES;
				CLANG_WARN_OBJC_ROOT_CLASS = YES_ERROR;
				CLANG_WARN_RANGE_LOOP_ANALYSIS = YES;
				CLANG_WARN_STRICT_PROTOTYPES = YES;
				CLANG_WARN_SUSPICIOUS_MOVE = YES;
				CLANG_WARN_UNGUARDED_AVAILABILITY = YES_AGGRESSIVE;
				CLANG_WARN_UNREACHABLE_CODE = YES;
				CLANG_WARN__DUPLICATE_METHOD_MATCH = YES;
				CODE_SIGN_IDENTITY = "-";
				COPY_PHASE_STRIP = NO;
				DEBUG_INFORMATION_FORMAT = dwarf;
				ENABLE_STRICT_OBJC_MSGSEND = YES;
				ENABLE_TESTABILITY = YES;
				GCC_C_LANGUAGE_STANDARD = gnu11;
				GCC_DYNAMIC_NO_PIC = NO;
				GCC_NO_COMMON_BLOCKS = YES;
				GCC_OPTIMIZATION_LEVEL = 0;
				GCC_PREPROCESSOR_DEFINITIONS = (
					"DEBUG=1",
					"$(inherited)",
				);
				GCC_WARN_64_TO_32_BIT_CONVERSION = YES;
				GCC_WARN_ABOUT_RETURN_TYPE = YES_ERROR;
				GCC_WARN_UNDECLARED_SELECTOR = YES;
				GCC_WARN_UNINITIALIZED_AUTOS = YES_AGGRESSIVE;
				GCC_WARN_UNUSED_FUNCTION = YES;
				GCC_WARN_UNUSED_VARIABLE = YES;
				MACOSX_DEPLOYMENT_TARGET = 10.14;
				MTL_ENABLE_DEBUG_INFO = INCLUDE_SOURCE;
				MTL_FAST_MATH = YES;
				ONLY_ACTIVE_ARCH = YES;
				SDKROOT = macosx;
			};
			name = Debug;
		};
		C8AB20B5222D5361000FED0D /* Release */ = {
			isa = XCBuildConfiguration;
			buildSettings = {
				ALWAYS_SEARCH_USER_PATHS = NO;
				CLANG_ANALYZER_NONNULL = YES;
				CLANG_ANALYZER_NUMBER_OBJECT_CONVERSION = YES_AGGRESSIVE;
				CLANG_CXX_LANGUAGE_STANDARD = "gnu++14";
				CLANG_CXX_LIBRARY = "libc++";
				CLANG_ENABLE_MODULES = YES;
				CLANG_ENABLE_OBJC_ARC = YES;
				CLANG_ENABLE_OBJC_WEAK = YES;
				CLANG_WARN_BLOCK_CAPTURE_AUTORELEASING = YES;
				CLANG_WARN_BOOL_CONVERSION = YES;
				CLANG_WARN_COMMA = YES;
				CLANG_WARN_CONSTANT_CONVERSION = YES;
				CLANG_WARN_DEPRECATED_OBJC_IMPLEMENTATIONS = YES;
				CLANG_WARN_DIRECT_OBJC_ISA_USAGE = YES_ERROR;
				CLANG_WARN_DOCUMENTATION_COMMENTS = YES;
				CLANG_WARN_EMPTY_BODY = YES;
				CLANG_WARN_ENUM_CONVERSION = YES;
				CLANG_WARN_INFINITE_RECURSION = YES;
				CLANG_WARN_INT_CONVERSION = YES;
				CLANG_WARN_NON_LITERAL_NULL_CONVERSION = YES;
				CLANG_WARN_OBJC_IMPLICIT_RETAIN_SELF = YES;
				CLANG_WARN_OBJC_LITERAL_CONVERSION = YES;
				CLANG_WARN_OBJC_ROOT_CLASS = YES_ERROR;
				CLANG_WARN_RANGE_LOOP_ANALYSIS = YES;
				CLANG_WARN_STRICT_PROTOTYPES = YES;
				CLANG_WARN_SUSPICIOUS_MOVE = YES;
				CLANG_WARN_UNGUARDED_AVAILABILITY = YES_AGGRESSIVE;
				CLANG_WARN_UNREACHABLE_CODE = YES;
				CLANG_WARN__DUPLICATE_METHOD_MATCH = YES;
				CODE_SIGN_IDENTITY = "-";
				COPY_PHASE_STRIP = NO;
				DEBUG_INFORMATION_FORMAT = "dwarf-with-dsym";
				ENABLE_NS_ASSERTIONS = NO;
				ENABLE_STRICT_OBJC_MSGSEND = YES;
				GCC_C_LANGUAGE_STANDARD = gnu11;
				GCC_NO_COMMON_BLOCKS = YES;
				GCC_WARN_64_TO_32_BIT_CONVERSION = YES;
				GCC_WARN_ABOUT_RETURN_TYPE = YES_ERROR;
				GCC_WARN_UNDECLARED_SELECTOR = YES;
				GCC_WARN_UNINITIALIZED_AUTOS = YES_AGGRESSIVE;
				GCC_WARN_UNUSED_FUNCTION = YES;
				GCC_WARN_UNUSED_VARIABLE = YES;
				MACOSX_DEPLOYMENT_TARGET = 10.14;
				MTL_ENABLE_DEBUG_INFO = NO;
				MTL_FAST_MATH = YES;
				SDKROOT = macosx;
			};
			name = Release;
		};
		C8AB20B7222D5361000FED0D /* Debug */ = {
			isa = XCBuildConfiguration;
			buildSettings = {
				CODE_SIGN_STYLE = Automatic;
				PRODUCT_NAME = "$(TARGET_NAME)";
			};
			name = Debug;
		};
		C8AB20B8222D5361000FED0D /* Release */ = {
			isa = XCBuildConfiguration;
			buildSettings = {
				CODE_SIGN_STYLE = Automatic;
				PRODUCT_NAME = "$(TARGET_NAME)";
			};
			name = Release;
		};
/* End XCBuildConfiguration section */

/* Begin XCConfigurationList section */
		C80FB42522836D3A00D32C73 /* Build configuration list for PBXNativeTarget "class-08" */ = {
			isa = XCConfigurationList;
			buildConfigurations = (
				C80FB42622836D3A00D32C73 /* Debug */,
				C80FB42722836D3A00D32C73 /* Release */,
			);
			defaultConfigurationIsVisible = 0;
			defaultConfigurationName = Release;
		};
		C80FB45022836E2500D32C73 /* Build configuration list for PBXNativeTarget "class-11" */ = {
			isa = XCConfigurationList;
			buildConfigurations = (
				C80FB45122836E2500D32C73 /* Debug */,
				C80FB45222836E2500D32C73 /* Release */,
			);
			defaultConfigurationIsVisible = 0;
			defaultConfigurationName = Release;
		};
		C80FB46722836F0000D32C73 /* Build configuration list for PBXNativeTarget "class-09" */ = {
			isa = XCConfigurationList;
			buildConfigurations = (
				C80FB46822836F0000D32C73 /* Debug */,
				C80FB46922836F0000D32C73 /* Release */,
			);
			defaultConfigurationIsVisible = 0;
			defaultConfigurationName = Release;
		};
		C80FB489228371C100D32C73 /* Build configuration list for PBXNativeTarget "quicksort-variations" */ = {
			isa = XCConfigurationList;
			buildConfigurations = (
				C80FB48A228371C100D32C73 /* Debug */,
				C80FB48B228371C100D32C73 /* Release */,
			);
			defaultConfigurationIsVisible = 0;
			defaultConfigurationName = Release;
		};
		C8150D012236FBB900CCAB2D /* Build configuration list for PBXNativeTarget "class-04" */ = {
			isa = XCConfigurationList;
			buildConfigurations = (
				C8150D022236FBB900CCAB2D /* Debug */,
				C8150D032236FBB900CCAB2D /* Release */,
			);
			defaultConfigurationIsVisible = 0;
			defaultConfigurationName = Release;
		};
		C8150D0F2236FC1900CCAB2D /* Build configuration list for PBXNativeTarget "class-05" */ = {
			isa = XCConfigurationList;
			buildConfigurations = (
				C8150D102236FC1900CCAB2D /* Debug */,
				C8150D112236FC1900CCAB2D /* Release */,
			);
			defaultConfigurationIsVisible = 0;
			defaultConfigurationName = Release;
		};
		C8257B392239A9400010DE47 /* Build configuration list for PBXNativeTarget "class-06" */ = {
			isa = XCConfigurationList;
			buildConfigurations = (
				C8257B3A2239A9400010DE47 /* Debug */,
				C8257B3B2239A9400010DE47 /* Release */,
			);
			defaultConfigurationIsVisible = 0;
			defaultConfigurationName = Release;
		};
		C8264E912240273D002E006E /* Build configuration list for PBXNativeTarget "class-07" */ = {
			isa = XCConfigurationList;
			buildConfigurations = (
				C8264E8F2240273D002E006E /* Debug */,
				C8264E902240273D002E006E /* Release */,
			);
			defaultConfigurationIsVisible = 0;
			defaultConfigurationName = Release;
		};
		C8567197222D561A0015EDB3 /* Build configuration list for PBXNativeTarget "class-02" */ = {
			isa = XCConfigurationList;
			buildConfigurations = (
				C8567198222D561A0015EDB3 /* Debug */,
				C8567199222D561A0015EDB3 /* Release */,
			);
			defaultConfigurationIsVisible = 0;
			defaultConfigurationName = Release;
		};
		C85671A6222D56570015EDB3 /* Build configuration list for PBXNativeTarget "class-03" */ = {
			isa = XCConfigurationList;
			buildConfigurations = (
				C85671A7222D56570015EDB3 /* Debug */,
				C85671A8222D56570015EDB3 /* Release */,
			);
			defaultConfigurationIsVisible = 0;
			defaultConfigurationName = Release;
		};
		C8708989228778F30092C029 /* Build configuration list for PBXNativeTarget "class-01" */ = {
			isa = XCConfigurationList;
			buildConfigurations = (
				C8708987228778F30092C029 /* Debug */,
				C8708988228778F30092C029 /* Release */,
			);
			defaultConfigurationIsVisible = 0;
			defaultConfigurationName = Release;
		};
		C87089922287790B0092C029 /* Build configuration list for PBXNativeTarget "class-10" */ = {
			isa = XCConfigurationList;
			buildConfigurations = (
				C87089932287790B0092C029 /* Debug */,
				C87089942287790B0092C029 /* Release */,
			);
			defaultConfigurationIsVisible = 0;
			defaultConfigurationName = Release;
		};
		C870899F22877AED0092C029 /* Build configuration list for PBXNativeTarget "class-16" */ = {
			isa = XCConfigurationList;
			buildConfigurations = (
				C87089A022877AED0092C029 /* Debug */,
				C87089A122877AED0092C029 /* Release */,
			);
			defaultConfigurationIsVisible = 0;
			defaultConfigurationName = Release;
		};
		C87089AA22877B140092C029 /* Build configuration list for PBXNativeTarget "class-17" */ = {
			isa = XCConfigurationList;
			buildConfigurations = (
				C87089AB22877B140092C029 /* Debug */,
				C87089AC22877B140092C029 /* Release */,
			);
			defaultConfigurationIsVisible = 0;
			defaultConfigurationName = Release;
		};
		C894690F2279179B00882146 /* Build configuration list for PBXNativeTarget "class-12" */ = {
			isa = XCConfigurationList;
			buildConfigurations = (
				C89469102279179B00882146 /* Debug */,
				C89469112279179B00882146 /* Release */,
			);
			defaultConfigurationIsVisible = 0;
			defaultConfigurationName = Release;
		};
		C894691A227917A200882146 /* Build configuration list for PBXNativeTarget "class-13" */ = {
			isa = XCConfigurationList;
			buildConfigurations = (
				C894691B227917A200882146 /* Debug */,
				C894691C227917A200882146 /* Release */,
			);
			defaultConfigurationIsVisible = 0;
			defaultConfigurationName = Release;
		};
		C8946925227917AB00882146 /* Build configuration list for PBXNativeTarget "class-14" */ = {
			isa = XCConfigurationList;
			buildConfigurations = (
				C8946926227917AB00882146 /* Debug */,
				C8946927227917AB00882146 /* Release */,
			);
			defaultConfigurationIsVisible = 0;
			defaultConfigurationName = Release;
		};
		C8946930227917B200882146 /* Build configuration list for PBXNativeTarget "class-15" */ = {
			isa = XCConfigurationList;
			buildConfigurations = (
				C8946931227917B200882146 /* Debug */,
				C8946932227917B200882146 /* Release */,
			);
			defaultConfigurationIsVisible = 0;
			defaultConfigurationName = Release;
		};
		C894693B227917D000882146 /* Build configuration list for PBXNativeTarget "pattern-search" */ = {
			isa = XCConfigurationList;
			buildConfigurations = (
				C894693C227917D000882146 /* Debug */,
				C894693D227917D000882146 /* Release */,
			);
			defaultConfigurationIsVisible = 0;
			defaultConfigurationName = Release;
		};
		C8AB20AA222D5360000FED0D /* Build configuration list for PBXProject "lab-programacao-c++" */ = {
			isa = XCConfigurationList;
			buildConfigurations = (
				C8AB20B4222D5361000FED0D /* Debug */,
				C8AB20B5222D5361000FED0D /* Release */,
			);
			defaultConfigurationIsVisible = 0;
			defaultConfigurationName = Release;
		};
		C8AB20B6222D5361000FED0D /* Build configuration list for PBXNativeTarget "lab-programacao" */ = {
			isa = XCConfigurationList;
			buildConfigurations = (
				C8AB20B7222D5361000FED0D /* Debug */,
				C8AB20B8222D5361000FED0D /* Release */,
			);
			defaultConfigurationIsVisible = 0;
			defaultConfigurationName = Release;
		};
/* End XCConfigurationList section */
	};
	rootObject = C8AB20A7222D5360000FED0D /* Project object */;
}
